
Microsoft Visual Studio Solution File, Format Version 12.00
# Visual Studio 15
VisualStudioVersion = 15.0.26730.10
MinimumVisualStudioVersion = 10.0.40219.1
Project("{FAE04EC0-301F-11D3-BF4B-00C04F79EFBC}") = "UtilZ.Lib.Base", "UtilZ.Lib.Base\UtilZ.Lib.Base.csproj", "{6841D072-6023-4F8C-9B72-8E4DB9D371F2}"
EndProject
Project("{FAE04EC0-301F-11D3-BF4B-00C04F79EFBC}") = "UtilZ.Lib.BaseEx", "UtilZ.Lib.BaseEx\UtilZ.Lib.BaseEx.csproj", "{914F2FBA-D23D-4400-8196-23E822A5EFE7}"
EndProject
Project("{2150E333-8FDC-42A3-9474-1A3956D46DE8}") = "UtilZ", "UtilZ", "{0AFF89C9-837B-4439-8BEB-567F5EDC8CC2}"
EndProject
Project("{2150E333-8FDC-42A3-9474-1A3956D46DE8}") = "UtilZ.Wav", "UtilZ.Wav", "{DEB32A22-9D67-4A02-94BB-401BFA560B88}"
EndProject
Project("{FAE04EC0-301F-11D3-BF4B-00C04F79EFBC}") = "UtilZ.Lib.Wav", "UtilZ.Lib.Wav\UtilZ.Lib.Wav.csproj", "{FF512B18-8ED0-45A1-B973-84848A82252F}"
EndProject
Project("{FAE04EC0-301F-11D3-BF4B-00C04F79EFBC}") = "UtilZ.Lib.Winform", "UtilZ.Lib.Winform\UtilZ.Lib.Winform.csproj", "{DB3EA23F-790C-454A-AADF-D75CE5E964F4}"
EndProject
Project("{FAE04EC0-301F-11D3-BF4B-00C04F79EFBC}") = "UtilZ.Lib.WinformEx", "UtilZ.Lib.WinformEx\UtilZ.Lib.WinformEx.csproj", "{2FBC519B-4D32-4A01-AD80-4E58ED161A24}"
EndProject
Project("{FAE04EC0-301F-11D3-BF4B-00C04F79EFBC}") = "UtilZ.Lib.WPF", "UtilZ.Lib.WPF\UtilZ.Lib.WPF.csproj", "{BF5AD54C-CF08-42ED-B32E-65A92B0E1DE8}"
EndProject
Project("{FAE04EC0-301F-11D3-BF4B-00C04F79EFBC}") = "UtilZ.Lib.WPFEx", "UtilZ.Lib.WPFEx\UtilZ.Lib.WPFEx.csproj", "{4BF5A539-6F61-4CA2-AB7B-7F5F17ACBAB3}"
EndProject
Project("{2150E333-8FDC-42A3-9474-1A3956D46DE8}") = "Test", "Test", "{637F4742-FD22-418D-B1F6-23770CEE2D65}"
EndProject
Project("{FAE04EC0-301F-11D3-BF4B-00C04F79EFBC}") = "TestUtilZ", "TestUtilZ\TestUtilZ.csproj", "{D11B500B-7581-4B6D-B6C1-C9E18DEA941B}"
EndProject
Global
	GlobalSection(SolutionConfigurationPlatforms) = preSolution
		Debug|Any CPU = Debug|Any CPU
		Release|Any CPU = Release|Any CPU
	EndGlobalSection
	GlobalSection(ProjectConfigurationPlatforms) = postSolution
		{6841D072-6023-4F8C-9B72-8E4DB9D371F2}.Debug|Any CPU.ActiveCfg = Debug|Any CPU
		{6841D072-6023-4F8C-9B72-8E4DB9D371F2}.Debug|Any CPU.Build.0 = Debug|Any CPU
		{6841D072-6023-4F8C-9B72-8E4DB9D371F2}.Release|Any CPU.ActiveCfg = Release|Any CPU
		{6841D072-6023-4F8C-9B72-8E4DB9D371F2}.Release|Any CPU.Build.0 = Release|Any CPU
		{914F2FBA-D23D-4400-8196-23E822A5EFE7}.Debug|Any CPU.ActiveCfg = Debug|Any CPU
		{914F2FBA-D23D-4400-8196-23E822A5EFE7}.Debug|Any CPU.Build.0 = Debug|Any CPU
		{914F2FBA-D23D-4400-8196-23E822A5EFE7}.Release|Any CPU.ActiveCfg = Release|Any CPU
		{914F2FBA-D23D-4400-8196-23E822A5EFE7}.Release|Any CPU.Build.0 = Release|Any CPU
		{FF512B18-8ED0-45A1-B973-84848A82252F}.Debug|Any CPU.ActiveCfg = Debug|Any CPU
		{FF512B18-8ED0-45A1-B973-84848A82252F}.Debug|Any CPU.Build.0 = Debug|Any CPU
		{FF512B18-8ED0-45A1-B973-84848A82252F}.Release|Any CPU.ActiveCfg = Release|Any CPU
		{FF512B18-8ED0-45A1-B973-84848A82252F}.Release|Any CPU.Build.0 = Release|Any CPU
		{DB3EA23F-790C-454A-AADF-D75CE5E964F4}.Debug|Any CPU.ActiveCfg = Debug|Any CPU
		{DB3EA23F-790C-454A-AADF-D75CE5E964F4}.Debug|Any CPU.Build.0 = Debug|Any CPU
		{DB3EA23F-790C-454A-AADF-D75CE5E964F4}.Release|Any CPU.ActiveCfg = Release|Any CPU
		{DB3EA23F-790C-454A-AADF-D75CE5E964F4}.Release|Any CPU.Build.0 = Release|Any CPU
		{2FBC519B-4D32-4A01-AD80-4E58ED161A24}.Debug|Any CPU.ActiveCfg = Debug|Any CPU
		{2FBC519B-4D32-4A01-AD80-4E58ED161A24}.Debug|Any CPU.Build.0 = Debug|Any CPU
		{2FBC519B-4D32-4A01-AD80-4E58ED161A24}.Release|Any CPU.ActiveCfg = Release|Any CPU
		{2FBC519B-4D32-4A01-AD80-4E58ED161A24}.Release|Any CPU.Build.0 = Release|Any CPU
		{BF5AD54C-CF08-42ED-B32E-65A92B0E1DE8}.Debug|Any CPU.ActiveCfg = Debug|Any CPU
		{BF5AD54C-CF08-42ED-B32E-65A92B0E1DE8}.Debug|Any CPU.Build.0 = Debug|Any CPU
		{BF5AD54C-CF08-42ED-B32E-65A92B0E1DE8}.Release|Any CPU.ActiveCfg = Release|Any CPU
		{BF5AD54C-CF08-42ED-B32E-65A92B0E1DE8}.Release|Any CPU.Build.0 = Release|Any CPU
		{4BF5A539-6F61-4CA2-AB7B-7F5F17ACBAB3}.Debug|Any CPU.ActiveCfg = Debug|Any CPU
		{4BF5A539-6F61-4CA2-AB7B-7F5F17ACBAB3}.Debug|Any CPU.Build.0 = Debug|Any CPU
		{4BF5A539-6F61-4CA2-AB7B-7F5F17ACBAB3}.Release|Any CPU.ActiveCfg = Release|Any CPU
		{4BF5A539-6F61-4CA2-AB7B-7F5F17ACBAB3}.Release|Any CPU.Build.0 = Release|Any CPU
		{D11B500B-7581-4B6D-B6C1-C9E18DEA941B}.Debug|Any CPU.ActiveCfg = Debug|Any CPU
		{D11B500B-7581-4B6D-B6C1-C9E18DEA941B}.Debug|Any CPU.Build.0 = Debug|Any CPU
		{D11B500B-7581-4B6D-B6C1-C9E18DEA941B}.Release|Any CPU.ActiveCfg = Release|Any CPU
		{D11B500B-7581-4B6D-B6C1-C9E18DEA941B}.Release|Any CPU.Build.0 = Release|Any CPU
	EndGlobalSection
	GlobalSection(SolutionProperties) = preSolution
		HideSolutionNode = FALSE
	EndGlobalSection
	GlobalSection(NestedProjects) = preSolution
		{6841D072-6023-4F8C-9B72-8E4DB9D371F2} = {0AFF89C9-837B-4439-8BEB-567F5EDC8CC2}
		{914F2FBA-D23D-4400-8196-23E822A5EFE7} = {0AFF89C9-837B-4439-8BEB-567F5EDC8CC2}
		{FF512B18-8ED0-45A1-B973-84848A82252F} = {DEB32A22-9D67-4A02-94BB-401BFA560B88}
		{DB3EA23F-790C-454A-AADF-D75CE5E964F4} = {0AFF89C9-837B-4439-8BEB-567F5EDC8CC2}
		{2FBC519B-4D32-4A01-AD80-4E58ED161A24} = {0AFF89C9-837B-4439-8BEB-567F5EDC8CC2}
		{BF5AD54C-CF08-42ED-B32E-65A92B0E1DE8} = {0AFF89C9-837B-4439-8BEB-567F5EDC8CC2}
		{4BF5A539-6F61-4CA2-AB7B-7F5F17ACBAB3} = {0AFF89C9-837B-4439-8BEB-567F5EDC8CC2}
		{D11B500B-7581-4B6D-B6C1-C9E18DEA941B} = {637F4742-FD22-418D-B1F6-23770CEE2D65}
	EndGlobalSection
	GlobalSection(ExtensibilityGlobals) = postSolution
		SolutionGuid = {AA98307F-D080-406F-AF17-C97C327BE8D5}
	EndGlobalSection
EndGlobal
