
Microsoft Visual Studio Solution File, Format Version 12.00
# Visual Studio 15
VisualStudioVersion = 15.0.27428.2002
MinimumVisualStudioVersion = 10.0.40219.1
Project("{FAE04EC0-301F-11D3-BF4B-00C04F79EFBC}") = "UtilZ.Dotnet.Ex", "UtilZ.Dotnet.Ex\UtilZ.Dotnet.Ex.csproj", "{B5D06430-E6E2-40B3-BA77-15778ABD31DD}"
EndProject
Project("{FAE04EC0-301F-11D3-BF4B-00C04F79EFBC}") = "UtilZ.Dotnet.ILEx", "UtilZ.Dotnet.ILEx\UtilZ.Dotnet.ILEx.csproj", "{A88ED0E1-9BAE-42BB-AAE1-E37C2A3380AC}"
EndProject
Project("{9A19103F-16F7-4668-BE54-9A1E7A4F7556}") = "UtilZ.Dotnet.SEx", "UtilZ.Dotnet.SEx\UtilZ.Dotnet.SEx.csproj", "{472C943B-B1F5-4D7F-ABC3-498A505B8E3C}"
EndProject
Project("{FAE04EC0-301F-11D3-BF4B-00C04F79EFBC}") = "TestE", "TestE\TestE.csproj", "{1D3D5CD0-8FB2-4A08-A9D5-0632741A0ADC}"
EndProject
Project("{2150E333-8FDC-42A3-9474-1A3956D46DE8}") = "Test", "Test", "{CAC1CDCB-53F1-48BD-A714-635D723F0E06}"
EndProject
Project("{9A19103F-16F7-4668-BE54-9A1E7A4F7556}") = "TestSE", "TestSE\TestSE.csproj", "{0DF4FAE2-FBA4-43B2-BDFB-D9B53FCF2D01}"
EndProject
Project("{2150E333-8FDC-42A3-9474-1A3956D46DE8}") = "UtilZLib", "UtilZLib", "{6C5E3E29-369D-4C5B-ACF4-CDD130632FB5}"
EndProject
Project("{FAE04EC0-301F-11D3-BF4B-00C04F79EFBC}") = "UtilZ.Dotnet.Wav", "UtilZ.Dotnet.Wav\UtilZ.Dotnet.Wav.csproj", "{87B09EE0-A60C-4553-8037-AB98DC004CDD}"
EndProject
Project("{2150E333-8FDC-42A3-9474-1A3956D46DE8}") = "UtilZDB", "UtilZDB", "{B71D536A-D412-45D9-986E-95CD19F1FBAC}"
EndProject
Project("{2150E333-8FDC-42A3-9474-1A3956D46DE8}") = "UtilZTools", "UtilZTools", "{A28BB8EE-2415-4BA2-A01C-630953B262B7}"
EndProject
Project("{FAE04EC0-301F-11D3-BF4B-00C04F79EFBC}") = "UtilZ.Dotnet.WindowEx", "UtilZ.Dotnet.WindowEx\UtilZ.Dotnet.WindowEx.csproj", "{2E7F4A5F-361B-4B39-966B-34E7BC57A2B0}"
EndProject
Project("{FAE04EC0-301F-11D3-BF4B-00C04F79EFBC}") = "UtilZ.Dotnet.DBBase", "UtilZ.Dotnet.DBBase\UtilZ.Dotnet.DBBase.csproj", "{B7F963E6-E365-4F0D-9812-445D1C8E10F0}"
EndProject
Project("{FAE04EC0-301F-11D3-BF4B-00C04F79EFBC}") = "UtilZ.Dotnet.DBModel", "UtilZ.Dotnet.DBModel\UtilZ.Dotnet.DBModel.csproj", "{3B9A7263-E276-4F0E-A1DB-4B8E2639E67D}"
EndProject
Project("{FAE04EC0-301F-11D3-BF4B-00C04F79EFBC}") = "UtilZ.Dotnet.DBMySql", "UtilZ.Dotnet.DBMySql\UtilZ.Dotnet.DBMySql.csproj", "{F4E9BEFF-2450-4E79-B890-56064EEC9501}"
EndProject
Project("{FAE04EC0-301F-11D3-BF4B-00C04F79EFBC}") = "UtilZ.Dotnet.DBOracle", "UtilZ.Dotnet.DBOracle\UtilZ.Dotnet.DBOracle.csproj", "{152D4F9F-AD52-49D1-A4EE-645C7E21508E}"
EndProject
Project("{FAE04EC0-301F-11D3-BF4B-00C04F79EFBC}") = "UtilZ.Dotnet.DBSqlServer", "UtilZ.Dotnet.DBSqlServer\UtilZ.Dotnet.DBSqlServer.csproj", "{B10BA689-794F-4A3A-A5CF-5AD39CCCC5C5}"
EndProject
Project("{FAE04EC0-301F-11D3-BF4B-00C04F79EFBC}") = "UtilZ.Dotnet.DBSQLite", "UtilZ.Dotnet.DBSQLite\UtilZ.Dotnet.DBSQLite.csproj", "{95CC8972-2C84-4383-A5C3-E0489D8DF9EF}"
EndProject
Project("{FAE04EC0-301F-11D3-BF4B-00C04F79EFBC}") = "UtilZ.Dotnet.AssemblyTool", "UtilZ.Dotnet.AssemblyTool\UtilZ.Dotnet.AssemblyTool.csproj", "{2A422D6F-CE45-4FCA-9170-7EA2C81C281F}"
EndProject
Project("{FAE04EC0-301F-11D3-BF4B-00C04F79EFBC}") = "UtilZ.Dotnet.SQLitePwdTool", "UtilZ.Dotnet.SQLitePwdTool\UtilZ.Dotnet.SQLitePwdTool.csproj", "{D96ABF7A-4684-4FE5-9AD4-2527FEC59016}"
EndProject
Project("{FAE04EC0-301F-11D3-BF4B-00C04F79EFBC}") = "UtilZ.Dotnet.DBBaseModelGenerator", "UtilZ.Dotnet.DBBaseModelGenerator\UtilZ.Dotnet.DBBaseModelGenerator.csproj", "{C0D6FB8C-DD70-421F-8247-58125F82432D}"
EndProject
Project("{FAE04EC0-301F-11D3-BF4B-00C04F79EFBC}") = "UtilZ.Dotnet.ConfigManagementTool", "UtilZ.Dotnet.ConfigManagementTool\UtilZ.Dotnet.ConfigManagementTool.csproj", "{557FBD92-FDA9-48E6-8562-D79578C9F93F}"
EndProject
Project("{FAE04EC0-301F-11D3-BF4B-00C04F79EFBC}") = "UtilZ.Dotnet.ILWindowEx", "UtilZ.Dotnet.ILWindowEx\UtilZ.Dotnet.ILWindowEx.csproj", "{4CCCAA3C-A3D7-4AC9-95D3-941D7DBBFAA6}"
EndProject
Project("{FAE04EC0-301F-11D3-BF4B-00C04F79EFBC}") = "UtilZ.Dotnet.ILSEx", "UtilZ.Dotnet.ILSEx\UtilZ.Dotnet.ILSEx.csproj", "{008207D4-BDD1-4153-A894-B7F752214E96}"
EndProject
Global
	GlobalSection(SolutionConfigurationPlatforms) = preSolution
		Debug|Any CPU = Debug|Any CPU
		Release|Any CPU = Release|Any CPU
	EndGlobalSection
	GlobalSection(ProjectConfigurationPlatforms) = postSolution
		{B5D06430-E6E2-40B3-BA77-15778ABD31DD}.Debug|Any CPU.ActiveCfg = Debug|Any CPU
		{B5D06430-E6E2-40B3-BA77-15778ABD31DD}.Debug|Any CPU.Build.0 = Debug|Any CPU
		{B5D06430-E6E2-40B3-BA77-15778ABD31DD}.Release|Any CPU.ActiveCfg = Release|Any CPU
		{B5D06430-E6E2-40B3-BA77-15778ABD31DD}.Release|Any CPU.Build.0 = Release|Any CPU
		{A88ED0E1-9BAE-42BB-AAE1-E37C2A3380AC}.Debug|Any CPU.ActiveCfg = Debug|Any CPU
		{A88ED0E1-9BAE-42BB-AAE1-E37C2A3380AC}.Debug|Any CPU.Build.0 = Debug|Any CPU
		{A88ED0E1-9BAE-42BB-AAE1-E37C2A3380AC}.Release|Any CPU.ActiveCfg = Release|Any CPU
		{A88ED0E1-9BAE-42BB-AAE1-E37C2A3380AC}.Release|Any CPU.Build.0 = Release|Any CPU
		{472C943B-B1F5-4D7F-ABC3-498A505B8E3C}.Debug|Any CPU.ActiveCfg = Debug|Any CPU
		{472C943B-B1F5-4D7F-ABC3-498A505B8E3C}.Debug|Any CPU.Build.0 = Debug|Any CPU
		{472C943B-B1F5-4D7F-ABC3-498A505B8E3C}.Release|Any CPU.ActiveCfg = Release|Any CPU
		{472C943B-B1F5-4D7F-ABC3-498A505B8E3C}.Release|Any CPU.Build.0 = Release|Any CPU
		{1D3D5CD0-8FB2-4A08-A9D5-0632741A0ADC}.Debug|Any CPU.ActiveCfg = Debug|Any CPU
		{1D3D5CD0-8FB2-4A08-A9D5-0632741A0ADC}.Debug|Any CPU.Build.0 = Debug|Any CPU
		{1D3D5CD0-8FB2-4A08-A9D5-0632741A0ADC}.Release|Any CPU.ActiveCfg = Release|Any CPU
		{1D3D5CD0-8FB2-4A08-A9D5-0632741A0ADC}.Release|Any CPU.Build.0 = Release|Any CPU
		{0DF4FAE2-FBA4-43B2-BDFB-D9B53FCF2D01}.Debug|Any CPU.ActiveCfg = Debug|Any CPU
		{0DF4FAE2-FBA4-43B2-BDFB-D9B53FCF2D01}.Debug|Any CPU.Build.0 = Debug|Any CPU
		{0DF4FAE2-FBA4-43B2-BDFB-D9B53FCF2D01}.Release|Any CPU.ActiveCfg = Release|Any CPU
		{0DF4FAE2-FBA4-43B2-BDFB-D9B53FCF2D01}.Release|Any CPU.Build.0 = Release|Any CPU
		{87B09EE0-A60C-4553-8037-AB98DC004CDD}.Debug|Any CPU.ActiveCfg = Debug|Any CPU
		{87B09EE0-A60C-4553-8037-AB98DC004CDD}.Debug|Any CPU.Build.0 = Debug|Any CPU
		{87B09EE0-A60C-4553-8037-AB98DC004CDD}.Release|Any CPU.ActiveCfg = Release|Any CPU
		{87B09EE0-A60C-4553-8037-AB98DC004CDD}.Release|Any CPU.Build.0 = Release|Any CPU
		{2E7F4A5F-361B-4B39-966B-34E7BC57A2B0}.Debug|Any CPU.ActiveCfg = Debug|Any CPU
		{2E7F4A5F-361B-4B39-966B-34E7BC57A2B0}.Debug|Any CPU.Build.0 = Debug|Any CPU
		{2E7F4A5F-361B-4B39-966B-34E7BC57A2B0}.Release|Any CPU.ActiveCfg = Release|Any CPU
		{2E7F4A5F-361B-4B39-966B-34E7BC57A2B0}.Release|Any CPU.Build.0 = Release|Any CPU
		{B7F963E6-E365-4F0D-9812-445D1C8E10F0}.Debug|Any CPU.ActiveCfg = Debug|Any CPU
		{B7F963E6-E365-4F0D-9812-445D1C8E10F0}.Debug|Any CPU.Build.0 = Debug|Any CPU
		{B7F963E6-E365-4F0D-9812-445D1C8E10F0}.Release|Any CPU.ActiveCfg = Release|Any CPU
		{B7F963E6-E365-4F0D-9812-445D1C8E10F0}.Release|Any CPU.Build.0 = Release|Any CPU
		{3B9A7263-E276-4F0E-A1DB-4B8E2639E67D}.Debug|Any CPU.ActiveCfg = Debug|Any CPU
		{3B9A7263-E276-4F0E-A1DB-4B8E2639E67D}.Debug|Any CPU.Build.0 = Debug|Any CPU
		{3B9A7263-E276-4F0E-A1DB-4B8E2639E67D}.Release|Any CPU.ActiveCfg = Release|Any CPU
		{3B9A7263-E276-4F0E-A1DB-4B8E2639E67D}.Release|Any CPU.Build.0 = Release|Any CPU
		{F4E9BEFF-2450-4E79-B890-56064EEC9501}.Debug|Any CPU.ActiveCfg = Debug|Any CPU
		{F4E9BEFF-2450-4E79-B890-56064EEC9501}.Debug|Any CPU.Build.0 = Debug|Any CPU
		{F4E9BEFF-2450-4E79-B890-56064EEC9501}.Release|Any CPU.ActiveCfg = Release|Any CPU
		{F4E9BEFF-2450-4E79-B890-56064EEC9501}.Release|Any CPU.Build.0 = Release|Any CPU
		{152D4F9F-AD52-49D1-A4EE-645C7E21508E}.Debug|Any CPU.ActiveCfg = Debug|Any CPU
		{152D4F9F-AD52-49D1-A4EE-645C7E21508E}.Debug|Any CPU.Build.0 = Debug|Any CPU
		{152D4F9F-AD52-49D1-A4EE-645C7E21508E}.Release|Any CPU.ActiveCfg = Release|Any CPU
		{152D4F9F-AD52-49D1-A4EE-645C7E21508E}.Release|Any CPU.Build.0 = Release|Any CPU
		{B10BA689-794F-4A3A-A5CF-5AD39CCCC5C5}.Debug|Any CPU.ActiveCfg = Debug|Any CPU
		{B10BA689-794F-4A3A-A5CF-5AD39CCCC5C5}.Debug|Any CPU.Build.0 = Debug|Any CPU
		{B10BA689-794F-4A3A-A5CF-5AD39CCCC5C5}.Release|Any CPU.ActiveCfg = Release|Any CPU
		{B10BA689-794F-4A3A-A5CF-5AD39CCCC5C5}.Release|Any CPU.Build.0 = Release|Any CPU
		{95CC8972-2C84-4383-A5C3-E0489D8DF9EF}.Debug|Any CPU.ActiveCfg = Debug|Any CPU
		{95CC8972-2C84-4383-A5C3-E0489D8DF9EF}.Debug|Any CPU.Build.0 = Debug|Any CPU
		{95CC8972-2C84-4383-A5C3-E0489D8DF9EF}.Release|Any CPU.ActiveCfg = Release|Any CPU
		{95CC8972-2C84-4383-A5C3-E0489D8DF9EF}.Release|Any CPU.Build.0 = Release|Any CPU
		{2A422D6F-CE45-4FCA-9170-7EA2C81C281F}.Debug|Any CPU.ActiveCfg = Debug|Any CPU
		{2A422D6F-CE45-4FCA-9170-7EA2C81C281F}.Debug|Any CPU.Build.0 = Debug|Any CPU
		{2A422D6F-CE45-4FCA-9170-7EA2C81C281F}.Release|Any CPU.ActiveCfg = Release|Any CPU
		{2A422D6F-CE45-4FCA-9170-7EA2C81C281F}.Release|Any CPU.Build.0 = Release|Any CPU
		{D96ABF7A-4684-4FE5-9AD4-2527FEC59016}.Debug|Any CPU.ActiveCfg = Debug|Any CPU
		{D96ABF7A-4684-4FE5-9AD4-2527FEC59016}.Debug|Any CPU.Build.0 = Debug|Any CPU
		{D96ABF7A-4684-4FE5-9AD4-2527FEC59016}.Release|Any CPU.ActiveCfg = Release|Any CPU
		{D96ABF7A-4684-4FE5-9AD4-2527FEC59016}.Release|Any CPU.Build.0 = Release|Any CPU
		{C0D6FB8C-DD70-421F-8247-58125F82432D}.Debug|Any CPU.ActiveCfg = Debug|Any CPU
		{C0D6FB8C-DD70-421F-8247-58125F82432D}.Debug|Any CPU.Build.0 = Debug|Any CPU
		{C0D6FB8C-DD70-421F-8247-58125F82432D}.Release|Any CPU.ActiveCfg = Release|Any CPU
		{C0D6FB8C-DD70-421F-8247-58125F82432D}.Release|Any CPU.Build.0 = Release|Any CPU
		{557FBD92-FDA9-48E6-8562-D79578C9F93F}.Debug|Any CPU.ActiveCfg = Debug|Any CPU
		{557FBD92-FDA9-48E6-8562-D79578C9F93F}.Debug|Any CPU.Build.0 = Debug|Any CPU
		{557FBD92-FDA9-48E6-8562-D79578C9F93F}.Release|Any CPU.ActiveCfg = Release|Any CPU
		{557FBD92-FDA9-48E6-8562-D79578C9F93F}.Release|Any CPU.Build.0 = Release|Any CPU
		{4CCCAA3C-A3D7-4AC9-95D3-941D7DBBFAA6}.Debug|Any CPU.ActiveCfg = Debug|Any CPU
		{4CCCAA3C-A3D7-4AC9-95D3-941D7DBBFAA6}.Debug|Any CPU.Build.0 = Debug|Any CPU
		{4CCCAA3C-A3D7-4AC9-95D3-941D7DBBFAA6}.Release|Any CPU.ActiveCfg = Release|Any CPU
		{4CCCAA3C-A3D7-4AC9-95D3-941D7DBBFAA6}.Release|Any CPU.Build.0 = Release|Any CPU
		{008207D4-BDD1-4153-A894-B7F752214E96}.Debug|Any CPU.ActiveCfg = Debug|Any CPU
		{008207D4-BDD1-4153-A894-B7F752214E96}.Debug|Any CPU.Build.0 = Debug|Any CPU
		{008207D4-BDD1-4153-A894-B7F752214E96}.Release|Any CPU.ActiveCfg = Release|Any CPU
		{008207D4-BDD1-4153-A894-B7F752214E96}.Release|Any CPU.Build.0 = Release|Any CPU
	EndGlobalSection
	GlobalSection(SolutionProperties) = preSolution
		HideSolutionNode = FALSE
	EndGlobalSection
	GlobalSection(NestedProjects) = preSolution
		{B5D06430-E6E2-40B3-BA77-15778ABD31DD} = {6C5E3E29-369D-4C5B-ACF4-CDD130632FB5}
		{A88ED0E1-9BAE-42BB-AAE1-E37C2A3380AC} = {6C5E3E29-369D-4C5B-ACF4-CDD130632FB5}
		{472C943B-B1F5-4D7F-ABC3-498A505B8E3C} = {6C5E3E29-369D-4C5B-ACF4-CDD130632FB5}
		{1D3D5CD0-8FB2-4A08-A9D5-0632741A0ADC} = {CAC1CDCB-53F1-48BD-A714-635D723F0E06}
		{0DF4FAE2-FBA4-43B2-BDFB-D9B53FCF2D01} = {CAC1CDCB-53F1-48BD-A714-635D723F0E06}
		{87B09EE0-A60C-4553-8037-AB98DC004CDD} = {6C5E3E29-369D-4C5B-ACF4-CDD130632FB5}
		{2E7F4A5F-361B-4B39-966B-34E7BC57A2B0} = {6C5E3E29-369D-4C5B-ACF4-CDD130632FB5}
		{B7F963E6-E365-4F0D-9812-445D1C8E10F0} = {B71D536A-D412-45D9-986E-95CD19F1FBAC}
		{3B9A7263-E276-4F0E-A1DB-4B8E2639E67D} = {B71D536A-D412-45D9-986E-95CD19F1FBAC}
		{F4E9BEFF-2450-4E79-B890-56064EEC9501} = {B71D536A-D412-45D9-986E-95CD19F1FBAC}
		{152D4F9F-AD52-49D1-A4EE-645C7E21508E} = {B71D536A-D412-45D9-986E-95CD19F1FBAC}
		{B10BA689-794F-4A3A-A5CF-5AD39CCCC5C5} = {B71D536A-D412-45D9-986E-95CD19F1FBAC}
		{95CC8972-2C84-4383-A5C3-E0489D8DF9EF} = {B71D536A-D412-45D9-986E-95CD19F1FBAC}
		{2A422D6F-CE45-4FCA-9170-7EA2C81C281F} = {A28BB8EE-2415-4BA2-A01C-630953B262B7}
		{D96ABF7A-4684-4FE5-9AD4-2527FEC59016} = {A28BB8EE-2415-4BA2-A01C-630953B262B7}
		{C0D6FB8C-DD70-421F-8247-58125F82432D} = {A28BB8EE-2415-4BA2-A01C-630953B262B7}
		{557FBD92-FDA9-48E6-8562-D79578C9F93F} = {A28BB8EE-2415-4BA2-A01C-630953B262B7}
		{4CCCAA3C-A3D7-4AC9-95D3-941D7DBBFAA6} = {6C5E3E29-369D-4C5B-ACF4-CDD130632FB5}
		{008207D4-BDD1-4153-A894-B7F752214E96} = {6C5E3E29-369D-4C5B-ACF4-CDD130632FB5}
	EndGlobalSection
	GlobalSection(ExtensibilityGlobals) = postSolution
		SolutionGuid = {C3D2C008-3454-4E15-9712-D0E4C91FD2B1}
	EndGlobalSection
EndGlobal
