
Microsoft Visual Studio Solution File, Format Version 12.00
# Visual Studio 15
VisualStudioVersion = 15.0.27428.2002
MinimumVisualStudioVersion = 10.0.40219.1
Project("{FAE04EC0-301F-11D3-BF4B-00C04F79EFBC}") = "UtilZ.Dotnet.Ex", "UtilZ.Dotnet.Ex\UtilZ.Dotnet.Ex.csproj", "{B5D06430-E6E2-40B3-BA77-15778ABD31DD}"
EndProject
Project("{FAE04EC0-301F-11D3-BF4B-00C04F79EFBC}") = "UtilZ.Dotnet.ILEx", "UtilZ.Dotnet.ILEx\UtilZ.Dotnet.ILEx.csproj", "{A88ED0E1-9BAE-42BB-AAE1-E37C2A3380AC}"
EndProject
Project("{FAE04EC0-301F-11D3-BF4B-00C04F79EFBC}") = "TestE", "TestE\TestE.csproj", "{1D3D5CD0-8FB2-4A08-A9D5-0632741A0ADC}"
EndProject
Project("{2150E333-8FDC-42A3-9474-1A3956D46DE8}") = "Test", "Test", "{CAC1CDCB-53F1-48BD-A714-635D723F0E06}"
EndProject
Project("{2150E333-8FDC-42A3-9474-1A3956D46DE8}") = "UtilZLib", "UtilZLib", "{6C5E3E29-369D-4C5B-ACF4-CDD130632FB5}"
EndProject
Project("{FAE04EC0-301F-11D3-BF4B-00C04F79EFBC}") = "UtilZ.Dotnet.Wav", "UtilZ.Dotnet.Wav\UtilZ.Dotnet.Wav.csproj", "{87B09EE0-A60C-4553-8037-AB98DC004CDD}"
EndProject
Project("{2150E333-8FDC-42A3-9474-1A3956D46DE8}") = "UtilZDB", "UtilZDB", "{B71D536A-D412-45D9-986E-95CD19F1FBAC}"
EndProject
Project("{2150E333-8FDC-42A3-9474-1A3956D46DE8}") = "UtilZTools", "UtilZTools", "{A28BB8EE-2415-4BA2-A01C-630953B262B7}"
EndProject
Project("{FAE04EC0-301F-11D3-BF4B-00C04F79EFBC}") = "UtilZ.Dotnet.WindowEx", "UtilZ.Dotnet.WindowEx\UtilZ.Dotnet.WindowEx.csproj", "{2E7F4A5F-361B-4B39-966B-34E7BC57A2B0}"
EndProject
Project("{FAE04EC0-301F-11D3-BF4B-00C04F79EFBC}") = "UtilZ.Dotnet.DBMySql", "UtilZ.Dotnet.DBMySql\UtilZ.Dotnet.DBMySql.csproj", "{C44415E5-2C2B-45F5-834D-36F957D02269}"
EndProject
Project("{FAE04EC0-301F-11D3-BF4B-00C04F79EFBC}") = "UtilZ.Dotnet.DBOracle", "UtilZ.Dotnet.DBOracle\UtilZ.Dotnet.DBOracle.csproj", "{75C37D40-05AF-42DC-9094-51039191CDC8}"
EndProject
Project("{FAE04EC0-301F-11D3-BF4B-00C04F79EFBC}") = "UtilZ.Dotnet.DBSqlServer", "UtilZ.Dotnet.DBSqlServer\UtilZ.Dotnet.DBSqlServer.csproj", "{3B23ADC1-32CF-4FA3-97B9-61CD4362BF01}"
EndProject
Project("{FAE04EC0-301F-11D3-BF4B-00C04F79EFBC}") = "UtilZ.Dotnet.DBSQLite", "UtilZ.Dotnet.DBSQLite\UtilZ.Dotnet.DBSQLite.csproj", "{DFF174B1-2655-458E-B73A-E4D84083C267}"
EndProject
Project("{FAE04EC0-301F-11D3-BF4B-00C04F79EFBC}") = "UtilZ.Dotnet.AssemblyTool", "UtilZ.Dotnet.AssemblyTool\UtilZ.Dotnet.AssemblyTool.csproj", "{2A422D6F-CE45-4FCA-9170-7EA2C81C281F}"
EndProject
Project("{FAE04EC0-301F-11D3-BF4B-00C04F79EFBC}") = "UtilZ.Dotnet.SQLitePwdTool", "UtilZ.Dotnet.SQLitePwdTool\UtilZ.Dotnet.SQLitePwdTool.csproj", "{D96ABF7A-4684-4FE5-9AD4-2527FEC59016}"
EndProject
Project("{FAE04EC0-301F-11D3-BF4B-00C04F79EFBC}") = "UtilZ.Dotnet.DBBaseModelGenerator", "UtilZ.Dotnet.DBBaseModelGenerator\UtilZ.Dotnet.DBBaseModelGenerator.csproj", "{C0D6FB8C-DD70-421F-8247-58125F82432D}"
EndProject
Project("{FAE04EC0-301F-11D3-BF4B-00C04F79EFBC}") = "UtilZ.Dotnet.ConfigManagementTool", "UtilZ.Dotnet.ConfigManagementTool\UtilZ.Dotnet.ConfigManagementTool.csproj", "{557FBD92-FDA9-48E6-8562-D79578C9F93F}"
EndProject
Project("{FAE04EC0-301F-11D3-BF4B-00C04F79EFBC}") = "UtilZ.Dotnet.ILWindowEx", "UtilZ.Dotnet.ILWindowEx\UtilZ.Dotnet.ILWindowEx.csproj", "{4CCCAA3C-A3D7-4AC9-95D3-941D7DBBFAA6}"
EndProject
Project("{FAE04EC0-301F-11D3-BF4B-00C04F79EFBC}") = "ConsoleApp", "ConsoleApp\ConsoleApp.csproj", "{FB8B917D-0E00-4858-ADD0-3C5D98F1B6B1}"
EndProject
Project("{FAE04EC0-301F-11D3-BF4B-00C04F79EFBC}") = "UtilZ.Dotnet.DBIBase", "UtilZ.Dotnet.DBIBase\UtilZ.Dotnet.DBIBase.csproj", "{B5474D19-F871-4C3B-9301-0AA15538049C}"
EndProject
Project("{FAE04EC0-301F-11D3-BF4B-00C04F79EFBC}") = "WebApplication1", "WebApplication1\WebApplication1.csproj", "{2F287A33-7B2F-4D60-8828-793D9D28B475}"
EndProject
Project("{FAE04EC0-301F-11D3-BF4B-00C04F79EFBC}") = "UtilZ.Dotnet.DBPostgreSQL", "UtilZ.Dotnet.DBPostgreSQL\UtilZ.Dotnet.DBPostgreSQL.csproj", "{E66E04AA-CDAD-4A07-A18C-2AEE3D0D9937}"
EndProject
Project("{FAE04EC0-301F-11D3-BF4B-00C04F79EFBC}") = "WpfApp1", "WpfApp1\WpfApp1.csproj", "{57FA3214-1B9D-4C46-9E09-CEB97EE7771F}"
EndProject
Global
	GlobalSection(SolutionConfigurationPlatforms) = preSolution
		Debug|Any CPU = Debug|Any CPU
		Debug|x86 = Debug|x86
		Release|Any CPU = Release|Any CPU
		Release|x86 = Release|x86
	EndGlobalSection
	GlobalSection(ProjectConfigurationPlatforms) = postSolution
		{B5D06430-E6E2-40B3-BA77-15778ABD31DD}.Debug|Any CPU.ActiveCfg = Debug|Any CPU
		{B5D06430-E6E2-40B3-BA77-15778ABD31DD}.Debug|Any CPU.Build.0 = Debug|Any CPU
		{B5D06430-E6E2-40B3-BA77-15778ABD31DD}.Debug|x86.ActiveCfg = Debug|Any CPU
		{B5D06430-E6E2-40B3-BA77-15778ABD31DD}.Debug|x86.Build.0 = Debug|Any CPU
		{B5D06430-E6E2-40B3-BA77-15778ABD31DD}.Release|Any CPU.ActiveCfg = Release|Any CPU
		{B5D06430-E6E2-40B3-BA77-15778ABD31DD}.Release|Any CPU.Build.0 = Release|Any CPU
		{B5D06430-E6E2-40B3-BA77-15778ABD31DD}.Release|x86.ActiveCfg = Release|Any CPU
		{B5D06430-E6E2-40B3-BA77-15778ABD31DD}.Release|x86.Build.0 = Release|Any CPU
		{A88ED0E1-9BAE-42BB-AAE1-E37C2A3380AC}.Debug|Any CPU.ActiveCfg = Debug|Any CPU
		{A88ED0E1-9BAE-42BB-AAE1-E37C2A3380AC}.Debug|Any CPU.Build.0 = Debug|Any CPU
		{A88ED0E1-9BAE-42BB-AAE1-E37C2A3380AC}.Debug|x86.ActiveCfg = Debug|Any CPU
		{A88ED0E1-9BAE-42BB-AAE1-E37C2A3380AC}.Debug|x86.Build.0 = Debug|Any CPU
		{A88ED0E1-9BAE-42BB-AAE1-E37C2A3380AC}.Release|Any CPU.ActiveCfg = Release|Any CPU
		{A88ED0E1-9BAE-42BB-AAE1-E37C2A3380AC}.Release|Any CPU.Build.0 = Release|Any CPU
		{A88ED0E1-9BAE-42BB-AAE1-E37C2A3380AC}.Release|x86.ActiveCfg = Release|Any CPU
		{A88ED0E1-9BAE-42BB-AAE1-E37C2A3380AC}.Release|x86.Build.0 = Release|Any CPU
		{1D3D5CD0-8FB2-4A08-A9D5-0632741A0ADC}.Debug|Any CPU.ActiveCfg = Debug|Any CPU
		{1D3D5CD0-8FB2-4A08-A9D5-0632741A0ADC}.Debug|Any CPU.Build.0 = Debug|Any CPU
		{1D3D5CD0-8FB2-4A08-A9D5-0632741A0ADC}.Debug|x86.ActiveCfg = Debug|Any CPU
		{1D3D5CD0-8FB2-4A08-A9D5-0632741A0ADC}.Debug|x86.Build.0 = Debug|Any CPU
		{1D3D5CD0-8FB2-4A08-A9D5-0632741A0ADC}.Release|Any CPU.ActiveCfg = Release|Any CPU
		{1D3D5CD0-8FB2-4A08-A9D5-0632741A0ADC}.Release|Any CPU.Build.0 = Release|Any CPU
		{1D3D5CD0-8FB2-4A08-A9D5-0632741A0ADC}.Release|x86.ActiveCfg = Release|Any CPU
		{1D3D5CD0-8FB2-4A08-A9D5-0632741A0ADC}.Release|x86.Build.0 = Release|Any CPU
		{87B09EE0-A60C-4553-8037-AB98DC004CDD}.Debug|Any CPU.ActiveCfg = Debug|Any CPU
		{87B09EE0-A60C-4553-8037-AB98DC004CDD}.Debug|Any CPU.Build.0 = Debug|Any CPU
		{87B09EE0-A60C-4553-8037-AB98DC004CDD}.Debug|x86.ActiveCfg = Debug|Any CPU
		{87B09EE0-A60C-4553-8037-AB98DC004CDD}.Debug|x86.Build.0 = Debug|Any CPU
		{87B09EE0-A60C-4553-8037-AB98DC004CDD}.Release|Any CPU.ActiveCfg = Release|Any CPU
		{87B09EE0-A60C-4553-8037-AB98DC004CDD}.Release|Any CPU.Build.0 = Release|Any CPU
		{87B09EE0-A60C-4553-8037-AB98DC004CDD}.Release|x86.ActiveCfg = Release|Any CPU
		{87B09EE0-A60C-4553-8037-AB98DC004CDD}.Release|x86.Build.0 = Release|Any CPU
		{2E7F4A5F-361B-4B39-966B-34E7BC57A2B0}.Debug|Any CPU.ActiveCfg = Debug|Any CPU
		{2E7F4A5F-361B-4B39-966B-34E7BC57A2B0}.Debug|Any CPU.Build.0 = Debug|Any CPU
		{2E7F4A5F-361B-4B39-966B-34E7BC57A2B0}.Debug|x86.ActiveCfg = Debug|Any CPU
		{2E7F4A5F-361B-4B39-966B-34E7BC57A2B0}.Debug|x86.Build.0 = Debug|Any CPU
		{2E7F4A5F-361B-4B39-966B-34E7BC57A2B0}.Release|Any CPU.ActiveCfg = Release|Any CPU
		{2E7F4A5F-361B-4B39-966B-34E7BC57A2B0}.Release|Any CPU.Build.0 = Release|Any CPU
		{2E7F4A5F-361B-4B39-966B-34E7BC57A2B0}.Release|x86.ActiveCfg = Release|Any CPU
		{2E7F4A5F-361B-4B39-966B-34E7BC57A2B0}.Release|x86.Build.0 = Release|Any CPU
		{C44415E5-2C2B-45F5-834D-36F957D02269}.Debug|Any CPU.ActiveCfg = Debug|Any CPU
		{C44415E5-2C2B-45F5-834D-36F957D02269}.Debug|Any CPU.Build.0 = Debug|Any CPU
		{C44415E5-2C2B-45F5-834D-36F957D02269}.Debug|x86.ActiveCfg = Debug|Any CPU
		{C44415E5-2C2B-45F5-834D-36F957D02269}.Debug|x86.Build.0 = Debug|Any CPU
		{C44415E5-2C2B-45F5-834D-36F957D02269}.Release|Any CPU.ActiveCfg = Release|Any CPU
		{C44415E5-2C2B-45F5-834D-36F957D02269}.Release|Any CPU.Build.0 = Release|Any CPU
		{C44415E5-2C2B-45F5-834D-36F957D02269}.Release|x86.ActiveCfg = Release|Any CPU
		{C44415E5-2C2B-45F5-834D-36F957D02269}.Release|x86.Build.0 = Release|Any CPU
		{75C37D40-05AF-42DC-9094-51039191CDC8}.Debug|Any CPU.ActiveCfg = Debug|Any CPU
		{75C37D40-05AF-42DC-9094-51039191CDC8}.Debug|Any CPU.Build.0 = Debug|Any CPU
		{75C37D40-05AF-42DC-9094-51039191CDC8}.Debug|x86.ActiveCfg = Debug|Any CPU
		{75C37D40-05AF-42DC-9094-51039191CDC8}.Debug|x86.Build.0 = Debug|Any CPU
		{75C37D40-05AF-42DC-9094-51039191CDC8}.Release|Any CPU.ActiveCfg = Release|Any CPU
		{75C37D40-05AF-42DC-9094-51039191CDC8}.Release|Any CPU.Build.0 = Release|Any CPU
		{75C37D40-05AF-42DC-9094-51039191CDC8}.Release|x86.ActiveCfg = Release|Any CPU
		{75C37D40-05AF-42DC-9094-51039191CDC8}.Release|x86.Build.0 = Release|Any CPU
		{3B23ADC1-32CF-4FA3-97B9-61CD4362BF01}.Debug|Any CPU.ActiveCfg = Debug|Any CPU
		{3B23ADC1-32CF-4FA3-97B9-61CD4362BF01}.Debug|Any CPU.Build.0 = Debug|Any CPU
		{3B23ADC1-32CF-4FA3-97B9-61CD4362BF01}.Debug|x86.ActiveCfg = Debug|Any CPU
		{3B23ADC1-32CF-4FA3-97B9-61CD4362BF01}.Debug|x86.Build.0 = Debug|Any CPU
		{3B23ADC1-32CF-4FA3-97B9-61CD4362BF01}.Release|Any CPU.ActiveCfg = Release|Any CPU
		{3B23ADC1-32CF-4FA3-97B9-61CD4362BF01}.Release|Any CPU.Build.0 = Release|Any CPU
		{3B23ADC1-32CF-4FA3-97B9-61CD4362BF01}.Release|x86.ActiveCfg = Release|Any CPU
		{3B23ADC1-32CF-4FA3-97B9-61CD4362BF01}.Release|x86.Build.0 = Release|Any CPU
		{DFF174B1-2655-458E-B73A-E4D84083C267}.Debug|Any CPU.ActiveCfg = Debug|Any CPU
		{DFF174B1-2655-458E-B73A-E4D84083C267}.Debug|Any CPU.Build.0 = Debug|Any CPU
		{DFF174B1-2655-458E-B73A-E4D84083C267}.Debug|x86.ActiveCfg = Debug|Any CPU
		{DFF174B1-2655-458E-B73A-E4D84083C267}.Debug|x86.Build.0 = Debug|Any CPU
		{DFF174B1-2655-458E-B73A-E4D84083C267}.Release|Any CPU.ActiveCfg = Release|Any CPU
		{DFF174B1-2655-458E-B73A-E4D84083C267}.Release|Any CPU.Build.0 = Release|Any CPU
		{DFF174B1-2655-458E-B73A-E4D84083C267}.Release|x86.ActiveCfg = Release|Any CPU
		{DFF174B1-2655-458E-B73A-E4D84083C267}.Release|x86.Build.0 = Release|Any CPU
		{2A422D6F-CE45-4FCA-9170-7EA2C81C281F}.Debug|Any CPU.ActiveCfg = Debug|Any CPU
		{2A422D6F-CE45-4FCA-9170-7EA2C81C281F}.Debug|Any CPU.Build.0 = Debug|Any CPU
		{2A422D6F-CE45-4FCA-9170-7EA2C81C281F}.Debug|x86.ActiveCfg = Debug|Any CPU
		{2A422D6F-CE45-4FCA-9170-7EA2C81C281F}.Debug|x86.Build.0 = Debug|Any CPU
		{2A422D6F-CE45-4FCA-9170-7EA2C81C281F}.Release|Any CPU.ActiveCfg = Release|Any CPU
		{2A422D6F-CE45-4FCA-9170-7EA2C81C281F}.Release|Any CPU.Build.0 = Release|Any CPU
		{2A422D6F-CE45-4FCA-9170-7EA2C81C281F}.Release|x86.ActiveCfg = Release|Any CPU
		{2A422D6F-CE45-4FCA-9170-7EA2C81C281F}.Release|x86.Build.0 = Release|Any CPU
		{D96ABF7A-4684-4FE5-9AD4-2527FEC59016}.Debug|Any CPU.ActiveCfg = Debug|Any CPU
		{D96ABF7A-4684-4FE5-9AD4-2527FEC59016}.Debug|Any CPU.Build.0 = Debug|Any CPU
		{D96ABF7A-4684-4FE5-9AD4-2527FEC59016}.Debug|x86.ActiveCfg = Debug|Any CPU
		{D96ABF7A-4684-4FE5-9AD4-2527FEC59016}.Debug|x86.Build.0 = Debug|Any CPU
		{D96ABF7A-4684-4FE5-9AD4-2527FEC59016}.Release|Any CPU.ActiveCfg = Release|Any CPU
		{D96ABF7A-4684-4FE5-9AD4-2527FEC59016}.Release|Any CPU.Build.0 = Release|Any CPU
		{D96ABF7A-4684-4FE5-9AD4-2527FEC59016}.Release|x86.ActiveCfg = Release|Any CPU
		{D96ABF7A-4684-4FE5-9AD4-2527FEC59016}.Release|x86.Build.0 = Release|Any CPU
		{C0D6FB8C-DD70-421F-8247-58125F82432D}.Debug|Any CPU.ActiveCfg = Debug|Any CPU
		{C0D6FB8C-DD70-421F-8247-58125F82432D}.Debug|Any CPU.Build.0 = Debug|Any CPU
		{C0D6FB8C-DD70-421F-8247-58125F82432D}.Debug|x86.ActiveCfg = Debug|Any CPU
		{C0D6FB8C-DD70-421F-8247-58125F82432D}.Debug|x86.Build.0 = Debug|Any CPU
		{C0D6FB8C-DD70-421F-8247-58125F82432D}.Release|Any CPU.ActiveCfg = Release|Any CPU
		{C0D6FB8C-DD70-421F-8247-58125F82432D}.Release|Any CPU.Build.0 = Release|Any CPU
		{C0D6FB8C-DD70-421F-8247-58125F82432D}.Release|x86.ActiveCfg = Release|Any CPU
		{C0D6FB8C-DD70-421F-8247-58125F82432D}.Release|x86.Build.0 = Release|Any CPU
		{557FBD92-FDA9-48E6-8562-D79578C9F93F}.Debug|Any CPU.ActiveCfg = Debug|Any CPU
		{557FBD92-FDA9-48E6-8562-D79578C9F93F}.Debug|Any CPU.Build.0 = Debug|Any CPU
		{557FBD92-FDA9-48E6-8562-D79578C9F93F}.Debug|x86.ActiveCfg = Debug|Any CPU
		{557FBD92-FDA9-48E6-8562-D79578C9F93F}.Debug|x86.Build.0 = Debug|Any CPU
		{557FBD92-FDA9-48E6-8562-D79578C9F93F}.Release|Any CPU.ActiveCfg = Release|Any CPU
		{557FBD92-FDA9-48E6-8562-D79578C9F93F}.Release|Any CPU.Build.0 = Release|Any CPU
		{557FBD92-FDA9-48E6-8562-D79578C9F93F}.Release|x86.ActiveCfg = Release|Any CPU
		{557FBD92-FDA9-48E6-8562-D79578C9F93F}.Release|x86.Build.0 = Release|Any CPU
		{4CCCAA3C-A3D7-4AC9-95D3-941D7DBBFAA6}.Debug|Any CPU.ActiveCfg = Debug|Any CPU
		{4CCCAA3C-A3D7-4AC9-95D3-941D7DBBFAA6}.Debug|Any CPU.Build.0 = Debug|Any CPU
		{4CCCAA3C-A3D7-4AC9-95D3-941D7DBBFAA6}.Debug|x86.ActiveCfg = Debug|Any CPU
		{4CCCAA3C-A3D7-4AC9-95D3-941D7DBBFAA6}.Debug|x86.Build.0 = Debug|Any CPU
		{4CCCAA3C-A3D7-4AC9-95D3-941D7DBBFAA6}.Release|Any CPU.ActiveCfg = Release|Any CPU
		{4CCCAA3C-A3D7-4AC9-95D3-941D7DBBFAA6}.Release|Any CPU.Build.0 = Release|Any CPU
		{4CCCAA3C-A3D7-4AC9-95D3-941D7DBBFAA6}.Release|x86.ActiveCfg = Release|Any CPU
		{4CCCAA3C-A3D7-4AC9-95D3-941D7DBBFAA6}.Release|x86.Build.0 = Release|Any CPU
		{FB8B917D-0E00-4858-ADD0-3C5D98F1B6B1}.Debug|Any CPU.ActiveCfg = Debug|Any CPU
		{FB8B917D-0E00-4858-ADD0-3C5D98F1B6B1}.Debug|Any CPU.Build.0 = Debug|Any CPU
		{FB8B917D-0E00-4858-ADD0-3C5D98F1B6B1}.Debug|x86.ActiveCfg = Debug|Any CPU
		{FB8B917D-0E00-4858-ADD0-3C5D98F1B6B1}.Debug|x86.Build.0 = Debug|Any CPU
		{FB8B917D-0E00-4858-ADD0-3C5D98F1B6B1}.Release|Any CPU.ActiveCfg = Release|Any CPU
		{FB8B917D-0E00-4858-ADD0-3C5D98F1B6B1}.Release|Any CPU.Build.0 = Release|Any CPU
		{FB8B917D-0E00-4858-ADD0-3C5D98F1B6B1}.Release|x86.ActiveCfg = Release|Any CPU
		{FB8B917D-0E00-4858-ADD0-3C5D98F1B6B1}.Release|x86.Build.0 = Release|Any CPU
		{B5474D19-F871-4C3B-9301-0AA15538049C}.Debug|Any CPU.ActiveCfg = Debug|Any CPU
		{B5474D19-F871-4C3B-9301-0AA15538049C}.Debug|Any CPU.Build.0 = Debug|Any CPU
		{B5474D19-F871-4C3B-9301-0AA15538049C}.Debug|x86.ActiveCfg = Debug|Any CPU
		{B5474D19-F871-4C3B-9301-0AA15538049C}.Debug|x86.Build.0 = Debug|Any CPU
		{B5474D19-F871-4C3B-9301-0AA15538049C}.Release|Any CPU.ActiveCfg = Release|Any CPU
		{B5474D19-F871-4C3B-9301-0AA15538049C}.Release|Any CPU.Build.0 = Release|Any CPU
		{B5474D19-F871-4C3B-9301-0AA15538049C}.Release|x86.ActiveCfg = Release|Any CPU
		{B5474D19-F871-4C3B-9301-0AA15538049C}.Release|x86.Build.0 = Release|Any CPU
		{2F287A33-7B2F-4D60-8828-793D9D28B475}.Debug|Any CPU.ActiveCfg = Debug|Any CPU
		{2F287A33-7B2F-4D60-8828-793D9D28B475}.Debug|Any CPU.Build.0 = Debug|Any CPU
		{2F287A33-7B2F-4D60-8828-793D9D28B475}.Debug|x86.ActiveCfg = Debug|Any CPU
		{2F287A33-7B2F-4D60-8828-793D9D28B475}.Debug|x86.Build.0 = Debug|Any CPU
		{2F287A33-7B2F-4D60-8828-793D9D28B475}.Release|Any CPU.ActiveCfg = Release|Any CPU
		{2F287A33-7B2F-4D60-8828-793D9D28B475}.Release|Any CPU.Build.0 = Release|Any CPU
		{2F287A33-7B2F-4D60-8828-793D9D28B475}.Release|x86.ActiveCfg = Release|Any CPU
		{2F287A33-7B2F-4D60-8828-793D9D28B475}.Release|x86.Build.0 = Release|Any CPU
		{E66E04AA-CDAD-4A07-A18C-2AEE3D0D9937}.Debug|Any CPU.ActiveCfg = Debug|Any CPU
		{E66E04AA-CDAD-4A07-A18C-2AEE3D0D9937}.Debug|Any CPU.Build.0 = Debug|Any CPU
		{E66E04AA-CDAD-4A07-A18C-2AEE3D0D9937}.Debug|x86.ActiveCfg = Debug|Any CPU
		{E66E04AA-CDAD-4A07-A18C-2AEE3D0D9937}.Debug|x86.Build.0 = Debug|Any CPU
		{E66E04AA-CDAD-4A07-A18C-2AEE3D0D9937}.Release|Any CPU.ActiveCfg = Release|Any CPU
		{E66E04AA-CDAD-4A07-A18C-2AEE3D0D9937}.Release|Any CPU.Build.0 = Release|Any CPU
		{E66E04AA-CDAD-4A07-A18C-2AEE3D0D9937}.Release|x86.ActiveCfg = Release|Any CPU
		{E66E04AA-CDAD-4A07-A18C-2AEE3D0D9937}.Release|x86.Build.0 = Release|Any CPU
		{57FA3214-1B9D-4C46-9E09-CEB97EE7771F}.Debug|Any CPU.ActiveCfg = Debug|Any CPU
		{57FA3214-1B9D-4C46-9E09-CEB97EE7771F}.Debug|Any CPU.Build.0 = Debug|Any CPU
		{57FA3214-1B9D-4C46-9E09-CEB97EE7771F}.Debug|x86.ActiveCfg = Debug|Any CPU
		{57FA3214-1B9D-4C46-9E09-CEB97EE7771F}.Debug|x86.Build.0 = Debug|Any CPU
		{57FA3214-1B9D-4C46-9E09-CEB97EE7771F}.Release|Any CPU.ActiveCfg = Release|Any CPU
		{57FA3214-1B9D-4C46-9E09-CEB97EE7771F}.Release|Any CPU.Build.0 = Release|Any CPU
		{57FA3214-1B9D-4C46-9E09-CEB97EE7771F}.Release|x86.ActiveCfg = Release|Any CPU
		{57FA3214-1B9D-4C46-9E09-CEB97EE7771F}.Release|x86.Build.0 = Release|Any CPU
	EndGlobalSection
	GlobalSection(SolutionProperties) = preSolution
		HideSolutionNode = FALSE
	EndGlobalSection
	GlobalSection(NestedProjects) = preSolution
		{B5D06430-E6E2-40B3-BA77-15778ABD31DD} = {6C5E3E29-369D-4C5B-ACF4-CDD130632FB5}
		{A88ED0E1-9BAE-42BB-AAE1-E37C2A3380AC} = {6C5E3E29-369D-4C5B-ACF4-CDD130632FB5}
		{1D3D5CD0-8FB2-4A08-A9D5-0632741A0ADC} = {CAC1CDCB-53F1-48BD-A714-635D723F0E06}
		{87B09EE0-A60C-4553-8037-AB98DC004CDD} = {6C5E3E29-369D-4C5B-ACF4-CDD130632FB5}
		{2E7F4A5F-361B-4B39-966B-34E7BC57A2B0} = {6C5E3E29-369D-4C5B-ACF4-CDD130632FB5}
		{C44415E5-2C2B-45F5-834D-36F957D02269} = {B71D536A-D412-45D9-986E-95CD19F1FBAC}
		{75C37D40-05AF-42DC-9094-51039191CDC8} = {B71D536A-D412-45D9-986E-95CD19F1FBAC}
		{3B23ADC1-32CF-4FA3-97B9-61CD4362BF01} = {B71D536A-D412-45D9-986E-95CD19F1FBAC}
		{DFF174B1-2655-458E-B73A-E4D84083C267} = {B71D536A-D412-45D9-986E-95CD19F1FBAC}
		{2A422D6F-CE45-4FCA-9170-7EA2C81C281F} = {A28BB8EE-2415-4BA2-A01C-630953B262B7}
		{D96ABF7A-4684-4FE5-9AD4-2527FEC59016} = {A28BB8EE-2415-4BA2-A01C-630953B262B7}
		{C0D6FB8C-DD70-421F-8247-58125F82432D} = {A28BB8EE-2415-4BA2-A01C-630953B262B7}
		{557FBD92-FDA9-48E6-8562-D79578C9F93F} = {A28BB8EE-2415-4BA2-A01C-630953B262B7}
		{4CCCAA3C-A3D7-4AC9-95D3-941D7DBBFAA6} = {6C5E3E29-369D-4C5B-ACF4-CDD130632FB5}
		{FB8B917D-0E00-4858-ADD0-3C5D98F1B6B1} = {CAC1CDCB-53F1-48BD-A714-635D723F0E06}
		{B5474D19-F871-4C3B-9301-0AA15538049C} = {B71D536A-D412-45D9-986E-95CD19F1FBAC}
		{2F287A33-7B2F-4D60-8828-793D9D28B475} = {CAC1CDCB-53F1-48BD-A714-635D723F0E06}
		{E66E04AA-CDAD-4A07-A18C-2AEE3D0D9937} = {B71D536A-D412-45D9-986E-95CD19F1FBAC}
		{57FA3214-1B9D-4C46-9E09-CEB97EE7771F} = {CAC1CDCB-53F1-48BD-A714-635D723F0E06}
	EndGlobalSection
	GlobalSection(ExtensibilityGlobals) = postSolution
		SolutionGuid = {C3D2C008-3454-4E15-9712-D0E4C91FD2B1}
	EndGlobalSection
EndGlobal
