
Microsoft Visual Studio Solution File, Format Version 12.00
# Visual Studio 15
VisualStudioVersion = 15.0.27428.2002
MinimumVisualStudioVersion = 10.0.40219.1
Project("{FAE04EC0-301F-11D3-BF4B-00C04F79EFBC}") = "UtilZ.Dotnet.Ex", "UtilZ.Dotnet.Ex\UtilZ.Dotnet.Ex.csproj", "{B5D06430-E6E2-40B3-BA77-15778ABD31DD}"
EndProject
Project("{FAE04EC0-301F-11D3-BF4B-00C04F79EFBC}") = "UtilZ.Dotnet.ILEx", "UtilZ.Dotnet.ILEx\UtilZ.Dotnet.ILEx.csproj", "{A88ED0E1-9BAE-42BB-AAE1-E37C2A3380AC}"
EndProject
Project("{9A19103F-16F7-4668-BE54-9A1E7A4F7556}") = "UtilZ.Dotnet.SEx", "UtilZ.Dotnet.SEx\UtilZ.Dotnet.SEx.csproj", "{472C943B-B1F5-4D7F-ABC3-498A505B8E3C}"
EndProject
Project("{9A19103F-16F7-4668-BE54-9A1E7A4F7556}") = "UtilZ.Dotnet.SILEx", "UtilZ.Dotnet.SILEx\UtilZ.Dotnet.SILEx.csproj", "{5004E72C-45BA-46EA-876E-991FED907259}"
EndProject
Project("{FAE04EC0-301F-11D3-BF4B-00C04F79EFBC}") = "TestE", "TestE\TestE.csproj", "{1D3D5CD0-8FB2-4A08-A9D5-0632741A0ADC}"
EndProject
Project("{2150E333-8FDC-42A3-9474-1A3956D46DE8}") = "Test", "Test", "{CAC1CDCB-53F1-48BD-A714-635D723F0E06}"
EndProject
Project("{9A19103F-16F7-4668-BE54-9A1E7A4F7556}") = "TestSE", "TestSE\TestSE.csproj", "{0DF4FAE2-FBA4-43B2-BDFB-D9B53FCF2D01}"
EndProject
Project("{2150E333-8FDC-42A3-9474-1A3956D46DE8}") = "UtilZLib", "UtilZLib", "{6C5E3E29-369D-4C5B-ACF4-CDD130632FB5}"
EndProject
Project("{FAE04EC0-301F-11D3-BF4B-00C04F79EFBC}") = "UtilZ.Dotnet.Wav", "UtilZ.Dotnet.Wav\UtilZ.Dotnet.Wav.csproj", "{87B09EE0-A60C-4553-8037-AB98DC004CDD}"
EndProject
Project("{2150E333-8FDC-42A3-9474-1A3956D46DE8}") = "UtilZDB", "UtilZDB", "{B71D536A-D412-45D9-986E-95CD19F1FBAC}"
EndProject
Project("{2150E333-8FDC-42A3-9474-1A3956D46DE8}") = "UtilZTools", "UtilZTools", "{A28BB8EE-2415-4BA2-A01C-630953B262B7}"
EndProject
Project("{FAE04EC0-301F-11D3-BF4B-00C04F79EFBC}") = "UtilZ.Dotnet.WindowEx", "UtilZ.Dotnet.WindowEx\UtilZ.Dotnet.WindowEx.csproj", "{2E7F4A5F-361B-4B39-966B-34E7BC57A2B0}"
EndProject
Project("{FAE04EC0-301F-11D3-BF4B-00C04F79EFBC}") = "UtilZ.Dotnet.IWindowEx", "UtilZ.Dotnet.IWindowEx\UtilZ.Dotnet.IWindowEx.csproj", "{23DB7019-993C-41B5-9F8A-C08F0576626B}"
EndProject
Global
	GlobalSection(SolutionConfigurationPlatforms) = preSolution
		Debug|Any CPU = Debug|Any CPU
		Release|Any CPU = Release|Any CPU
	EndGlobalSection
	GlobalSection(ProjectConfigurationPlatforms) = postSolution
		{B5D06430-E6E2-40B3-BA77-15778ABD31DD}.Debug|Any CPU.ActiveCfg = Debug|Any CPU
		{B5D06430-E6E2-40B3-BA77-15778ABD31DD}.Debug|Any CPU.Build.0 = Debug|Any CPU
		{B5D06430-E6E2-40B3-BA77-15778ABD31DD}.Release|Any CPU.ActiveCfg = Release|Any CPU
		{B5D06430-E6E2-40B3-BA77-15778ABD31DD}.Release|Any CPU.Build.0 = Release|Any CPU
		{A88ED0E1-9BAE-42BB-AAE1-E37C2A3380AC}.Debug|Any CPU.ActiveCfg = Debug|Any CPU
		{A88ED0E1-9BAE-42BB-AAE1-E37C2A3380AC}.Debug|Any CPU.Build.0 = Debug|Any CPU
		{A88ED0E1-9BAE-42BB-AAE1-E37C2A3380AC}.Release|Any CPU.ActiveCfg = Release|Any CPU
		{A88ED0E1-9BAE-42BB-AAE1-E37C2A3380AC}.Release|Any CPU.Build.0 = Release|Any CPU
		{472C943B-B1F5-4D7F-ABC3-498A505B8E3C}.Debug|Any CPU.ActiveCfg = Debug|Any CPU
		{472C943B-B1F5-4D7F-ABC3-498A505B8E3C}.Debug|Any CPU.Build.0 = Debug|Any CPU
		{472C943B-B1F5-4D7F-ABC3-498A505B8E3C}.Release|Any CPU.ActiveCfg = Release|Any CPU
		{472C943B-B1F5-4D7F-ABC3-498A505B8E3C}.Release|Any CPU.Build.0 = Release|Any CPU
		{5004E72C-45BA-46EA-876E-991FED907259}.Debug|Any CPU.ActiveCfg = Debug|Any CPU
		{5004E72C-45BA-46EA-876E-991FED907259}.Debug|Any CPU.Build.0 = Debug|Any CPU
		{5004E72C-45BA-46EA-876E-991FED907259}.Release|Any CPU.ActiveCfg = Release|Any CPU
		{5004E72C-45BA-46EA-876E-991FED907259}.Release|Any CPU.Build.0 = Release|Any CPU
		{1D3D5CD0-8FB2-4A08-A9D5-0632741A0ADC}.Debug|Any CPU.ActiveCfg = Debug|Any CPU
		{1D3D5CD0-8FB2-4A08-A9D5-0632741A0ADC}.Debug|Any CPU.Build.0 = Debug|Any CPU
		{1D3D5CD0-8FB2-4A08-A9D5-0632741A0ADC}.Release|Any CPU.ActiveCfg = Release|Any CPU
		{1D3D5CD0-8FB2-4A08-A9D5-0632741A0ADC}.Release|Any CPU.Build.0 = Release|Any CPU
		{0DF4FAE2-FBA4-43B2-BDFB-D9B53FCF2D01}.Debug|Any CPU.ActiveCfg = Debug|Any CPU
		{0DF4FAE2-FBA4-43B2-BDFB-D9B53FCF2D01}.Debug|Any CPU.Build.0 = Debug|Any CPU
		{0DF4FAE2-FBA4-43B2-BDFB-D9B53FCF2D01}.Release|Any CPU.ActiveCfg = Release|Any CPU
		{0DF4FAE2-FBA4-43B2-BDFB-D9B53FCF2D01}.Release|Any CPU.Build.0 = Release|Any CPU
		{87B09EE0-A60C-4553-8037-AB98DC004CDD}.Debug|Any CPU.ActiveCfg = Debug|Any CPU
		{87B09EE0-A60C-4553-8037-AB98DC004CDD}.Debug|Any CPU.Build.0 = Debug|Any CPU
		{87B09EE0-A60C-4553-8037-AB98DC004CDD}.Release|Any CPU.ActiveCfg = Release|Any CPU
		{87B09EE0-A60C-4553-8037-AB98DC004CDD}.Release|Any CPU.Build.0 = Release|Any CPU
		{2E7F4A5F-361B-4B39-966B-34E7BC57A2B0}.Debug|Any CPU.ActiveCfg = Debug|Any CPU
		{2E7F4A5F-361B-4B39-966B-34E7BC57A2B0}.Debug|Any CPU.Build.0 = Debug|Any CPU
		{2E7F4A5F-361B-4B39-966B-34E7BC57A2B0}.Release|Any CPU.ActiveCfg = Release|Any CPU
		{2E7F4A5F-361B-4B39-966B-34E7BC57A2B0}.Release|Any CPU.Build.0 = Release|Any CPU
		{23DB7019-993C-41B5-9F8A-C08F0576626B}.Debug|Any CPU.ActiveCfg = Debug|Any CPU
		{23DB7019-993C-41B5-9F8A-C08F0576626B}.Debug|Any CPU.Build.0 = Debug|Any CPU
		{23DB7019-993C-41B5-9F8A-C08F0576626B}.Release|Any CPU.ActiveCfg = Release|Any CPU
		{23DB7019-993C-41B5-9F8A-C08F0576626B}.Release|Any CPU.Build.0 = Release|Any CPU
	EndGlobalSection
	GlobalSection(SolutionProperties) = preSolution
		HideSolutionNode = FALSE
	EndGlobalSection
	GlobalSection(NestedProjects) = preSolution
		{B5D06430-E6E2-40B3-BA77-15778ABD31DD} = {6C5E3E29-369D-4C5B-ACF4-CDD130632FB5}
		{A88ED0E1-9BAE-42BB-AAE1-E37C2A3380AC} = {6C5E3E29-369D-4C5B-ACF4-CDD130632FB5}
		{472C943B-B1F5-4D7F-ABC3-498A505B8E3C} = {6C5E3E29-369D-4C5B-ACF4-CDD130632FB5}
		{5004E72C-45BA-46EA-876E-991FED907259} = {6C5E3E29-369D-4C5B-ACF4-CDD130632FB5}
		{1D3D5CD0-8FB2-4A08-A9D5-0632741A0ADC} = {CAC1CDCB-53F1-48BD-A714-635D723F0E06}
		{0DF4FAE2-FBA4-43B2-BDFB-D9B53FCF2D01} = {CAC1CDCB-53F1-48BD-A714-635D723F0E06}
		{87B09EE0-A60C-4553-8037-AB98DC004CDD} = {6C5E3E29-369D-4C5B-ACF4-CDD130632FB5}
		{2E7F4A5F-361B-4B39-966B-34E7BC57A2B0} = {6C5E3E29-369D-4C5B-ACF4-CDD130632FB5}
		{23DB7019-993C-41B5-9F8A-C08F0576626B} = {6C5E3E29-369D-4C5B-ACF4-CDD130632FB5}
	EndGlobalSection
	GlobalSection(ExtensibilityGlobals) = postSolution
		SolutionGuid = {C3D2C008-3454-4E15-9712-D0E4C91FD2B1}
	EndGlobalSection
EndGlobal
