
Microsoft Visual Studio Solution File, Format Version 12.00
# Visual Studio 14
VisualStudioVersion = 14.0.25420.1
MinimumVisualStudioVersion = 10.0.40219.1
Project("{FAE04EC0-301F-11D3-BF4B-00C04F79EFBC}") = "UtilZ.Dotnet.Ex", "UtilZ.Dotnet.Ex\UtilZ.Dotnet.Ex.csproj", "{B5D06430-E6E2-40B3-BA77-15778ABD31DD}"
EndProject
Project("{FAE04EC0-301F-11D3-BF4B-00C04F79EFBC}") = "UtilZ.Dotnet.WindowEx", "UtilZ.Dotnet.WindowEx\UtilZ.Dotnet.WindowEx.csproj", "{2E7F4A5F-361B-4B39-966B-34E7BC57A2B0}"
EndProject
Project("{2150E333-8FDC-42A3-9474-1A3956D46DE8}") = "Base", "Base", "{5B0FEC4B-D860-4594-AF71-4433358D25F1}"
EndProject
Project("{2150E333-8FDC-42A3-9474-1A3956D46DE8}") = "DB", "DB", "{140E324E-FC11-4DBF-B724-20F4BDFDEC12}"
EndProject
Project("{FAE04EC0-301F-11D3-BF4B-00C04F79EFBC}") = "UtilZ.Dotnet.DBIBase", "UtilZ.Dotnet.DBIBase\UtilZ.Dotnet.DBIBase.csproj", "{B5474D19-F871-4C3B-9301-0AA15538049C}"
EndProject
Project("{FAE04EC0-301F-11D3-BF4B-00C04F79EFBC}") = "UtilZ.Dotnet.DBSQLite", "UtilZ.Dotnet.DBSQLite\UtilZ.Dotnet.DBSQLite.csproj", "{DFF174B1-2655-458E-B73A-E4D84083C267}"
EndProject
Project("{FAE04EC0-301F-11D3-BF4B-00C04F79EFBC}") = "UtilZ.Dotnet.DBSqlServer", "UtilZ.Dotnet.DBSqlServer\UtilZ.Dotnet.DBSqlServer.csproj", "{3B23ADC1-32CF-4FA3-97B9-61CD4362BF01}"
EndProject
Project("{FAE04EC0-301F-11D3-BF4B-00C04F79EFBC}") = "TestDB", "TestDB\TestDB.csproj", "{D7B570F1-07D2-404B-BCB8-A870C2B2F655}"
EndProject
Project("{FAE04EC0-301F-11D3-BF4B-00C04F79EFBC}") = "UtilZ.Dotnet.DBOracle", "UtilZ.Dotnet.DBOracle\UtilZ.Dotnet.DBOracle.csproj", "{75C37D40-05AF-42DC-9094-51039191CDC8}"
EndProject
Project("{FAE04EC0-301F-11D3-BF4B-00C04F79EFBC}") = "UtilZ.Dotnet.DBMySql", "UtilZ.Dotnet.DBMySql\UtilZ.Dotnet.DBMySql.csproj", "{C44415E5-2C2B-45F5-834D-36F957D02269}"
EndProject
Project("{FAE04EC0-301F-11D3-BF4B-00C04F79EFBC}") = "UtilZ.Dotnet.DatabaseTool", "UtilZ.Dotnet.DatabaseTool\UtilZ.Dotnet.DatabaseTool.csproj", "{5A171A96-36A7-44E2-9AFC-864E9E83FE3B}"
EndProject
Project("{FAE04EC0-301F-11D3-BF4B-00C04F79EFBC}") = "UtilZ.Dotnet.DBPostgreSQL", "UtilZ.Dotnet.DBPostgreSQL\UtilZ.Dotnet.DBPostgreSQL.csproj", "{E66E04AA-CDAD-4A07-A18C-2AEE3D0D9937}"
EndProject
Global
	GlobalSection(SolutionConfigurationPlatforms) = preSolution
		Debug|Any CPU = Debug|Any CPU
		Release|Any CPU = Release|Any CPU
	EndGlobalSection
	GlobalSection(ProjectConfigurationPlatforms) = postSolution
		{B5D06430-E6E2-40B3-BA77-15778ABD31DD}.Debug|Any CPU.ActiveCfg = Debug|Any CPU
		{B5D06430-E6E2-40B3-BA77-15778ABD31DD}.Debug|Any CPU.Build.0 = Debug|Any CPU
		{B5D06430-E6E2-40B3-BA77-15778ABD31DD}.Release|Any CPU.ActiveCfg = Release|Any CPU
		{B5D06430-E6E2-40B3-BA77-15778ABD31DD}.Release|Any CPU.Build.0 = Release|Any CPU
		{2E7F4A5F-361B-4B39-966B-34E7BC57A2B0}.Debug|Any CPU.ActiveCfg = Debug|Any CPU
		{2E7F4A5F-361B-4B39-966B-34E7BC57A2B0}.Debug|Any CPU.Build.0 = Debug|Any CPU
		{2E7F4A5F-361B-4B39-966B-34E7BC57A2B0}.Release|Any CPU.ActiveCfg = Release|Any CPU
		{2E7F4A5F-361B-4B39-966B-34E7BC57A2B0}.Release|Any CPU.Build.0 = Release|Any CPU
		{B5474D19-F871-4C3B-9301-0AA15538049C}.Debug|Any CPU.ActiveCfg = Debug|Any CPU
		{B5474D19-F871-4C3B-9301-0AA15538049C}.Debug|Any CPU.Build.0 = Debug|Any CPU
		{B5474D19-F871-4C3B-9301-0AA15538049C}.Release|Any CPU.ActiveCfg = Release|Any CPU
		{B5474D19-F871-4C3B-9301-0AA15538049C}.Release|Any CPU.Build.0 = Release|Any CPU
		{DFF174B1-2655-458E-B73A-E4D84083C267}.Debug|Any CPU.ActiveCfg = Debug|Any CPU
		{DFF174B1-2655-458E-B73A-E4D84083C267}.Debug|Any CPU.Build.0 = Debug|Any CPU
		{DFF174B1-2655-458E-B73A-E4D84083C267}.Release|Any CPU.ActiveCfg = Release|Any CPU
		{DFF174B1-2655-458E-B73A-E4D84083C267}.Release|Any CPU.Build.0 = Release|Any CPU
		{3B23ADC1-32CF-4FA3-97B9-61CD4362BF01}.Debug|Any CPU.ActiveCfg = Debug|Any CPU
		{3B23ADC1-32CF-4FA3-97B9-61CD4362BF01}.Debug|Any CPU.Build.0 = Debug|Any CPU
		{3B23ADC1-32CF-4FA3-97B9-61CD4362BF01}.Release|Any CPU.ActiveCfg = Release|Any CPU
		{3B23ADC1-32CF-4FA3-97B9-61CD4362BF01}.Release|Any CPU.Build.0 = Release|Any CPU
		{D7B570F1-07D2-404B-BCB8-A870C2B2F655}.Debug|Any CPU.ActiveCfg = Debug|Any CPU
		{D7B570F1-07D2-404B-BCB8-A870C2B2F655}.Debug|Any CPU.Build.0 = Debug|Any CPU
		{D7B570F1-07D2-404B-BCB8-A870C2B2F655}.Release|Any CPU.ActiveCfg = Release|Any CPU
		{D7B570F1-07D2-404B-BCB8-A870C2B2F655}.Release|Any CPU.Build.0 = Release|Any CPU
		{75C37D40-05AF-42DC-9094-51039191CDC8}.Debug|Any CPU.ActiveCfg = Debug|Any CPU
		{75C37D40-05AF-42DC-9094-51039191CDC8}.Debug|Any CPU.Build.0 = Debug|Any CPU
		{75C37D40-05AF-42DC-9094-51039191CDC8}.Release|Any CPU.ActiveCfg = Release|Any CPU
		{75C37D40-05AF-42DC-9094-51039191CDC8}.Release|Any CPU.Build.0 = Release|Any CPU
		{C44415E5-2C2B-45F5-834D-36F957D02269}.Debug|Any CPU.ActiveCfg = Debug|Any CPU
		{C44415E5-2C2B-45F5-834D-36F957D02269}.Debug|Any CPU.Build.0 = Debug|Any CPU
		{C44415E5-2C2B-45F5-834D-36F957D02269}.Release|Any CPU.ActiveCfg = Release|Any CPU
		{C44415E5-2C2B-45F5-834D-36F957D02269}.Release|Any CPU.Build.0 = Release|Any CPU
		{5A171A96-36A7-44E2-9AFC-864E9E83FE3B}.Debug|Any CPU.ActiveCfg = Debug|Any CPU
		{5A171A96-36A7-44E2-9AFC-864E9E83FE3B}.Debug|Any CPU.Build.0 = Debug|Any CPU
		{5A171A96-36A7-44E2-9AFC-864E9E83FE3B}.Release|Any CPU.ActiveCfg = Release|Any CPU
		{5A171A96-36A7-44E2-9AFC-864E9E83FE3B}.Release|Any CPU.Build.0 = Release|Any CPU
		{E66E04AA-CDAD-4A07-A18C-2AEE3D0D9937}.Debug|Any CPU.ActiveCfg = Debug|Any CPU
		{E66E04AA-CDAD-4A07-A18C-2AEE3D0D9937}.Debug|Any CPU.Build.0 = Debug|Any CPU
		{E66E04AA-CDAD-4A07-A18C-2AEE3D0D9937}.Release|Any CPU.ActiveCfg = Release|Any CPU
		{E66E04AA-CDAD-4A07-A18C-2AEE3D0D9937}.Release|Any CPU.Build.0 = Release|Any CPU
	EndGlobalSection
	GlobalSection(SolutionProperties) = preSolution
		HideSolutionNode = FALSE
	EndGlobalSection
	GlobalSection(NestedProjects) = preSolution
		{B5D06430-E6E2-40B3-BA77-15778ABD31DD} = {5B0FEC4B-D860-4594-AF71-4433358D25F1}
		{2E7F4A5F-361B-4B39-966B-34E7BC57A2B0} = {5B0FEC4B-D860-4594-AF71-4433358D25F1}
		{B5474D19-F871-4C3B-9301-0AA15538049C} = {140E324E-FC11-4DBF-B724-20F4BDFDEC12}
		{DFF174B1-2655-458E-B73A-E4D84083C267} = {140E324E-FC11-4DBF-B724-20F4BDFDEC12}
		{3B23ADC1-32CF-4FA3-97B9-61CD4362BF01} = {140E324E-FC11-4DBF-B724-20F4BDFDEC12}
		{75C37D40-05AF-42DC-9094-51039191CDC8} = {140E324E-FC11-4DBF-B724-20F4BDFDEC12}
		{C44415E5-2C2B-45F5-834D-36F957D02269} = {140E324E-FC11-4DBF-B724-20F4BDFDEC12}
		{E66E04AA-CDAD-4A07-A18C-2AEE3D0D9937} = {140E324E-FC11-4DBF-B724-20F4BDFDEC12}
	EndGlobalSection
EndGlobal
