
Microsoft Visual Studio Solution File, Format Version 12.00
# Visual Studio 14
VisualStudioVersion = 14.0.25420.1
MinimumVisualStudioVersion = 10.0.40219.1
Project("{FAE04EC0-301F-11D3-BF4B-00C04F79EFBC}") = "UtilZ.Dotnet.Ex", "UtilZ.Dotnet.Ex\UtilZ.Dotnet.Ex.csproj", "{B5D06430-E6E2-40B3-BA77-15778ABD31DD}"
EndProject
Project("{FAE04EC0-301F-11D3-BF4B-00C04F79EFBC}") = "UtilZ.Dotnet.WindowEx", "UtilZ.Dotnet.WindowEx\UtilZ.Dotnet.WindowEx.csproj", "{2E7F4A5F-361B-4B39-966B-34E7BC57A2B0}"
EndProject
Project("{FAE04EC0-301F-11D3-BF4B-00C04F79EFBC}") = "WinFormA", "WinFormA\WinFormA.csproj", "{B0FCC760-3C30-48CB-BAB7-1B8E8C3D2F37}"
EndProject
Project("{FAE04EC0-301F-11D3-BF4B-00C04F79EFBC}") = "WinFormB", "WinFormB\WinFormB.csproj", "{FE6D6BE7-D02A-4E88-88E9-5B78548BD68E}"
EndProject
Project("{FAE04EC0-301F-11D3-BF4B-00C04F79EFBC}") = "SHPTestService1", "SHPTestService1\SHPTestService1.csproj", "{18198B61-C297-4E1F-9BBE-0C84B7976A39}"
EndProject
Project("{FAE04EC0-301F-11D3-BF4B-00C04F79EFBC}") = "SHPTestTerminal1", "SHPTestTerminal1\SHPTestTerminal1.csproj", "{0586A15B-34A3-4F35-8099-3984BBC18988}"
EndProject
Project("{FAE04EC0-301F-11D3-BF4B-00C04F79EFBC}") = "UtilZ.Dotnet.CEF", "UtilZ.Dotnet.CEF\UtilZ.Dotnet.CEF.csproj", "{45D615E7-5D30-4D83-A75B-3DA3773B3136}"
EndProject
Project("{FAE04EC0-301F-11D3-BF4B-00C04F79EFBC}") = "CefGlue", "CefGlue\CefGlue.csproj", "{703FF300-34B9-48D4-A5D6-E741F48D5F95}"
EndProject
Project("{2150E333-8FDC-42A3-9474-1A3956D46DE8}") = "CEF", "CEF", "{FE92A60E-DE72-4C4F-B554-07F89A1E6F6E}"
EndProject
Project("{2150E333-8FDC-42A3-9474-1A3956D46DE8}") = "TestSHP", "TestSHP", "{DD840768-7A40-41A8-89E9-A903DBD08886}"
EndProject
Project("{2150E333-8FDC-42A3-9474-1A3956D46DE8}") = "TestCEF", "TestCEF", "{1ECA80AA-DF91-44EE-B8F4-0550E19CB695}"
EndProject
Project("{FAE04EC0-301F-11D3-BF4B-00C04F79EFBC}") = "WpfApplication1", "WpfApplication1\WpfApplication1.csproj", "{F30EDE4A-0B11-41C2-9D23-10B6571C8191}"
EndProject
Project("{FAE04EC0-301F-11D3-BF4B-00C04F79EFBC}") = "WindowsFormsApplication1", "WindowsFormsApplication1\WindowsFormsApplication1.csproj", "{BA66A837-3CD4-4B1A-8462-94F4C92EACF1}"
EndProject
Global
	GlobalSection(SolutionConfigurationPlatforms) = preSolution
		Debug|Any CPU = Debug|Any CPU
		Release|Any CPU = Release|Any CPU
	EndGlobalSection
	GlobalSection(ProjectConfigurationPlatforms) = postSolution
		{B5D06430-E6E2-40B3-BA77-15778ABD31DD}.Debug|Any CPU.ActiveCfg = Debug|Any CPU
		{B5D06430-E6E2-40B3-BA77-15778ABD31DD}.Debug|Any CPU.Build.0 = Debug|Any CPU
		{B5D06430-E6E2-40B3-BA77-15778ABD31DD}.Release|Any CPU.ActiveCfg = Release|Any CPU
		{B5D06430-E6E2-40B3-BA77-15778ABD31DD}.Release|Any CPU.Build.0 = Release|Any CPU
		{2E7F4A5F-361B-4B39-966B-34E7BC57A2B0}.Debug|Any CPU.ActiveCfg = Debug|Any CPU
		{2E7F4A5F-361B-4B39-966B-34E7BC57A2B0}.Debug|Any CPU.Build.0 = Debug|Any CPU
		{2E7F4A5F-361B-4B39-966B-34E7BC57A2B0}.Release|Any CPU.ActiveCfg = Release|Any CPU
		{2E7F4A5F-361B-4B39-966B-34E7BC57A2B0}.Release|Any CPU.Build.0 = Release|Any CPU
		{B0FCC760-3C30-48CB-BAB7-1B8E8C3D2F37}.Debug|Any CPU.ActiveCfg = Debug|Any CPU
		{B0FCC760-3C30-48CB-BAB7-1B8E8C3D2F37}.Debug|Any CPU.Build.0 = Debug|Any CPU
		{B0FCC760-3C30-48CB-BAB7-1B8E8C3D2F37}.Release|Any CPU.ActiveCfg = Release|Any CPU
		{B0FCC760-3C30-48CB-BAB7-1B8E8C3D2F37}.Release|Any CPU.Build.0 = Release|Any CPU
		{FE6D6BE7-D02A-4E88-88E9-5B78548BD68E}.Debug|Any CPU.ActiveCfg = Debug|Any CPU
		{FE6D6BE7-D02A-4E88-88E9-5B78548BD68E}.Debug|Any CPU.Build.0 = Debug|Any CPU
		{FE6D6BE7-D02A-4E88-88E9-5B78548BD68E}.Release|Any CPU.ActiveCfg = Release|Any CPU
		{FE6D6BE7-D02A-4E88-88E9-5B78548BD68E}.Release|Any CPU.Build.0 = Release|Any CPU
		{18198B61-C297-4E1F-9BBE-0C84B7976A39}.Debug|Any CPU.ActiveCfg = Debug|Any CPU
		{18198B61-C297-4E1F-9BBE-0C84B7976A39}.Debug|Any CPU.Build.0 = Debug|Any CPU
		{18198B61-C297-4E1F-9BBE-0C84B7976A39}.Release|Any CPU.ActiveCfg = Release|Any CPU
		{18198B61-C297-4E1F-9BBE-0C84B7976A39}.Release|Any CPU.Build.0 = Release|Any CPU
		{0586A15B-34A3-4F35-8099-3984BBC18988}.Debug|Any CPU.ActiveCfg = Debug|Any CPU
		{0586A15B-34A3-4F35-8099-3984BBC18988}.Debug|Any CPU.Build.0 = Debug|Any CPU
		{0586A15B-34A3-4F35-8099-3984BBC18988}.Release|Any CPU.ActiveCfg = Release|Any CPU
		{0586A15B-34A3-4F35-8099-3984BBC18988}.Release|Any CPU.Build.0 = Release|Any CPU
		{45D615E7-5D30-4D83-A75B-3DA3773B3136}.Debug|Any CPU.ActiveCfg = Debug|Any CPU
		{45D615E7-5D30-4D83-A75B-3DA3773B3136}.Debug|Any CPU.Build.0 = Debug|Any CPU
		{45D615E7-5D30-4D83-A75B-3DA3773B3136}.Release|Any CPU.ActiveCfg = Release|Any CPU
		{45D615E7-5D30-4D83-A75B-3DA3773B3136}.Release|Any CPU.Build.0 = Release|Any CPU
		{703FF300-34B9-48D4-A5D6-E741F48D5F95}.Debug|Any CPU.ActiveCfg = Debug|Any CPU
		{703FF300-34B9-48D4-A5D6-E741F48D5F95}.Debug|Any CPU.Build.0 = Debug|Any CPU
		{703FF300-34B9-48D4-A5D6-E741F48D5F95}.Release|Any CPU.ActiveCfg = Release|Any CPU
		{703FF300-34B9-48D4-A5D6-E741F48D5F95}.Release|Any CPU.Build.0 = Release|Any CPU
		{F30EDE4A-0B11-41C2-9D23-10B6571C8191}.Debug|Any CPU.ActiveCfg = Debug|Any CPU
		{F30EDE4A-0B11-41C2-9D23-10B6571C8191}.Debug|Any CPU.Build.0 = Debug|Any CPU
		{F30EDE4A-0B11-41C2-9D23-10B6571C8191}.Release|Any CPU.ActiveCfg = Release|Any CPU
		{F30EDE4A-0B11-41C2-9D23-10B6571C8191}.Release|Any CPU.Build.0 = Release|Any CPU
		{BA66A837-3CD4-4B1A-8462-94F4C92EACF1}.Debug|Any CPU.ActiveCfg = Debug|Any CPU
		{BA66A837-3CD4-4B1A-8462-94F4C92EACF1}.Debug|Any CPU.Build.0 = Debug|Any CPU
		{BA66A837-3CD4-4B1A-8462-94F4C92EACF1}.Release|Any CPU.ActiveCfg = Release|Any CPU
		{BA66A837-3CD4-4B1A-8462-94F4C92EACF1}.Release|Any CPU.Build.0 = Release|Any CPU
	EndGlobalSection
	GlobalSection(SolutionProperties) = preSolution
		HideSolutionNode = FALSE
	EndGlobalSection
	GlobalSection(NestedProjects) = preSolution
		{B0FCC760-3C30-48CB-BAB7-1B8E8C3D2F37} = {DD840768-7A40-41A8-89E9-A903DBD08886}
		{FE6D6BE7-D02A-4E88-88E9-5B78548BD68E} = {DD840768-7A40-41A8-89E9-A903DBD08886}
		{18198B61-C297-4E1F-9BBE-0C84B7976A39} = {DD840768-7A40-41A8-89E9-A903DBD08886}
		{0586A15B-34A3-4F35-8099-3984BBC18988} = {DD840768-7A40-41A8-89E9-A903DBD08886}
		{45D615E7-5D30-4D83-A75B-3DA3773B3136} = {FE92A60E-DE72-4C4F-B554-07F89A1E6F6E}
		{703FF300-34B9-48D4-A5D6-E741F48D5F95} = {FE92A60E-DE72-4C4F-B554-07F89A1E6F6E}
		{F30EDE4A-0B11-41C2-9D23-10B6571C8191} = {1ECA80AA-DF91-44EE-B8F4-0550E19CB695}
		{BA66A837-3CD4-4B1A-8462-94F4C92EACF1} = {1ECA80AA-DF91-44EE-B8F4-0550E19CB695}
	EndGlobalSection
EndGlobal
