
Microsoft Visual Studio Solution File, Format Version 12.00
# Visual Studio 14
VisualStudioVersion = 14.0.25420.1
MinimumVisualStudioVersion = 10.0.40219.1
Project("{FAE04EC0-301F-11D3-BF4B-00C04F79EFBC}") = "UtilZ.Dotnet.Ex", "UtilZ.Dotnet.Ex\UtilZ.Dotnet.Ex.csproj", "{B5D06430-E6E2-40B3-BA77-15778ABD31DD}"
EndProject
Project("{FAE04EC0-301F-11D3-BF4B-00C04F79EFBC}") = "UtilZ.Dotnet.WindowEx", "UtilZ.Dotnet.WindowEx\UtilZ.Dotnet.WindowEx.csproj", "{2E7F4A5F-361B-4B39-966B-34E7BC57A2B0}"
EndProject
Project("{FAE04EC0-301F-11D3-BF4B-00C04F79EFBC}") = "WinFormA", "WinFormA\WinFormA.csproj", "{B0FCC760-3C30-48CB-BAB7-1B8E8C3D2F37}"
EndProject
Project("{FAE04EC0-301F-11D3-BF4B-00C04F79EFBC}") = "WinFormB", "WinFormB\WinFormB.csproj", "{FE6D6BE7-D02A-4E88-88E9-5B78548BD68E}"
EndProject
Project("{FAE04EC0-301F-11D3-BF4B-00C04F79EFBC}") = "SHPTestService1", "SHPTestService1\SHPTestService1.csproj", "{18198B61-C297-4E1F-9BBE-0C84B7976A39}"
EndProject
Project("{FAE04EC0-301F-11D3-BF4B-00C04F79EFBC}") = "SHPTestTerminal1", "SHPTestTerminal1\SHPTestTerminal1.csproj", "{0586A15B-34A3-4F35-8099-3984BBC18988}"
EndProject
Project("{FAE04EC0-301F-11D3-BF4B-00C04F79EFBC}") = "UtilZ.Dotnet.SHPBase", "UtilZ.Dotnet.SHPBase\UtilZ.Dotnet.SHPBase.csproj", "{A1B5B78B-05A5-4683-8946-84C8BC48CB01}"
EndProject
Global
	GlobalSection(SolutionConfigurationPlatforms) = preSolution
		Debug|Any CPU = Debug|Any CPU
		Release|Any CPU = Release|Any CPU
	EndGlobalSection
	GlobalSection(ProjectConfigurationPlatforms) = postSolution
		{B5D06430-E6E2-40B3-BA77-15778ABD31DD}.Debug|Any CPU.ActiveCfg = Debug|Any CPU
		{B5D06430-E6E2-40B3-BA77-15778ABD31DD}.Debug|Any CPU.Build.0 = Debug|Any CPU
		{B5D06430-E6E2-40B3-BA77-15778ABD31DD}.Release|Any CPU.ActiveCfg = Release|Any CPU
		{B5D06430-E6E2-40B3-BA77-15778ABD31DD}.Release|Any CPU.Build.0 = Release|Any CPU
		{2E7F4A5F-361B-4B39-966B-34E7BC57A2B0}.Debug|Any CPU.ActiveCfg = Debug|Any CPU
		{2E7F4A5F-361B-4B39-966B-34E7BC57A2B0}.Debug|Any CPU.Build.0 = Debug|Any CPU
		{2E7F4A5F-361B-4B39-966B-34E7BC57A2B0}.Release|Any CPU.ActiveCfg = Release|Any CPU
		{2E7F4A5F-361B-4B39-966B-34E7BC57A2B0}.Release|Any CPU.Build.0 = Release|Any CPU
		{B0FCC760-3C30-48CB-BAB7-1B8E8C3D2F37}.Debug|Any CPU.ActiveCfg = Debug|Any CPU
		{B0FCC760-3C30-48CB-BAB7-1B8E8C3D2F37}.Debug|Any CPU.Build.0 = Debug|Any CPU
		{B0FCC760-3C30-48CB-BAB7-1B8E8C3D2F37}.Release|Any CPU.ActiveCfg = Release|Any CPU
		{B0FCC760-3C30-48CB-BAB7-1B8E8C3D2F37}.Release|Any CPU.Build.0 = Release|Any CPU
		{FE6D6BE7-D02A-4E88-88E9-5B78548BD68E}.Debug|Any CPU.ActiveCfg = Debug|Any CPU
		{FE6D6BE7-D02A-4E88-88E9-5B78548BD68E}.Debug|Any CPU.Build.0 = Debug|Any CPU
		{FE6D6BE7-D02A-4E88-88E9-5B78548BD68E}.Release|Any CPU.ActiveCfg = Release|Any CPU
		{FE6D6BE7-D02A-4E88-88E9-5B78548BD68E}.Release|Any CPU.Build.0 = Release|Any CPU
		{18198B61-C297-4E1F-9BBE-0C84B7976A39}.Debug|Any CPU.ActiveCfg = Debug|Any CPU
		{18198B61-C297-4E1F-9BBE-0C84B7976A39}.Debug|Any CPU.Build.0 = Debug|Any CPU
		{18198B61-C297-4E1F-9BBE-0C84B7976A39}.Release|Any CPU.ActiveCfg = Release|Any CPU
		{18198B61-C297-4E1F-9BBE-0C84B7976A39}.Release|Any CPU.Build.0 = Release|Any CPU
		{0586A15B-34A3-4F35-8099-3984BBC18988}.Debug|Any CPU.ActiveCfg = Debug|Any CPU
		{0586A15B-34A3-4F35-8099-3984BBC18988}.Debug|Any CPU.Build.0 = Debug|Any CPU
		{0586A15B-34A3-4F35-8099-3984BBC18988}.Release|Any CPU.ActiveCfg = Release|Any CPU
		{0586A15B-34A3-4F35-8099-3984BBC18988}.Release|Any CPU.Build.0 = Release|Any CPU
		{A1B5B78B-05A5-4683-8946-84C8BC48CB01}.Debug|Any CPU.ActiveCfg = Debug|Any CPU
		{A1B5B78B-05A5-4683-8946-84C8BC48CB01}.Debug|Any CPU.Build.0 = Debug|Any CPU
		{A1B5B78B-05A5-4683-8946-84C8BC48CB01}.Release|Any CPU.ActiveCfg = Release|Any CPU
		{A1B5B78B-05A5-4683-8946-84C8BC48CB01}.Release|Any CPU.Build.0 = Release|Any CPU
	EndGlobalSection
	GlobalSection(SolutionProperties) = preSolution
		HideSolutionNode = FALSE
	EndGlobalSection
EndGlobal
