
Microsoft Visual Studio Solution File, Format Version 12.00
# Visual Studio 14
VisualStudioVersion = 14.0.25420.1
MinimumVisualStudioVersion = 10.0.40219.1
Project("{FAE04EC0-301F-11D3-BF4B-00C04F79EFBC}") = "UtilZ.Dotnet.Ex", "UtilZ.Dotnet.Ex\UtilZ.Dotnet.Ex.csproj", "{B5D06430-E6E2-40B3-BA77-15778ABD31DD}"
EndProject
Project("{FAE04EC0-301F-11D3-BF4B-00C04F79EFBC}") = "UtilZ.Dotnet.WindowEx", "UtilZ.Dotnet.WindowEx\UtilZ.Dotnet.WindowEx.csproj", "{2E7F4A5F-361B-4B39-966B-34E7BC57A2B0}"
EndProject
Project("{FAE04EC0-301F-11D3-BF4B-00C04F79EFBC}") = "UtilZ.Dotnet.SHPBase", "UtilZ.Dotnet.SHPBase\UtilZ.Dotnet.SHPBase.csproj", "{A1B5B78B-05A5-4683-8946-84C8BC48CB01}"
EndProject
Project("{FAE04EC0-301F-11D3-BF4B-00C04F79EFBC}") = "UtilZ.Dotnet.SHPDevOpsModel", "UtilZ.Dotnet.SHPDevOpsModel\UtilZ.Dotnet.SHPDevOpsModel.csproj", "{1E28EA8C-EDEA-42F7-B752-F26A336C2ABD}"
EndProject
Project("{FAE04EC0-301F-11D3-BF4B-00C04F79EFBC}") = "UtilZ.Dotnet.SHPDevOpsNet", "UtilZ.Dotnet.SHPDevOpsNet\UtilZ.Dotnet.SHPDevOpsNet.csproj", "{EF6BFE28-79B2-4513-AAA1-E22AB66227AF}"
EndProject
Project("{FAE04EC0-301F-11D3-BF4B-00C04F79EFBC}") = "UtilZ.Dotnet.SHPDevOpsDAL", "UtilZ.Dotnet.SHPDevOpsDAL\UtilZ.Dotnet.SHPDevOpsDAL.csproj", "{BBAAB590-B7C0-4307-AAB7-4A43E42B322D}"
EndProject
Project("{FAE04EC0-301F-11D3-BF4B-00C04F79EFBC}") = "UtilZ.Dotnet.SHPDevOpsBLL", "UtilZ.Dotnet.SHPDevOpsBLL\UtilZ.Dotnet.SHPDevOpsBLL.csproj", "{08257859-321A-4FD5-9BF4-717BC0B65BCA}"
EndProject
Project("{FAE04EC0-301F-11D3-BF4B-00C04F79EFBC}") = "UtilZ.Dotnet.SHPDevOps", "UtilZ.Dotnet.SHPDevOps\UtilZ.Dotnet.SHPDevOps.csproj", "{ADD0CB60-4460-48BF-96F5-AE8AE09FC6C9}"
EndProject
Project("{2150E333-8FDC-42A3-9474-1A3956D46DE8}") = "Common", "Common", "{1D37B71E-9AE2-496E-BF95-ED391A08E57B}"
EndProject
Project("{2150E333-8FDC-42A3-9474-1A3956D46DE8}") = "UtilZBase", "UtilZBase", "{7C72DCD2-EA8D-47A8-9673-72D94D5B20F1}"
EndProject
Project("{2150E333-8FDC-42A3-9474-1A3956D46DE8}") = "Plugins", "Plugins", "{73F15B8D-F710-4E91-8A3C-63D75D36BE88}"
EndProject
Project("{2150E333-8FDC-42A3-9474-1A3956D46DE8}") = "DevOps", "DevOps", "{6952CD77-EF78-4BA8-B79C-E32F77320FAD}"
EndProject
Project("{2150E333-8FDC-42A3-9474-1A3956D46DE8}") = "MSO", "MSO", "{24EA5CA6-8BBF-48C5-A0CD-2AF2E3079E48}"
EndProject
Project("{2150E333-8FDC-42A3-9474-1A3956D46DE8}") = "GPU", "GPU", "{E05D7650-0895-455B-ACE3-2FC00B3A9B70}"
EndProject
Project("{FAE04EC0-301F-11D3-BF4B-00C04F79EFBC}") = "UtilZ.Dotnet.SHPDGPULoadPlugin", "UtilZ.Dotnet.SHPDGPULoadPlugin\UtilZ.Dotnet.SHPDGPULoadPlugin.csproj", "{198AAC18-386B-4AF7-B95A-6AD4E66A4CFA}"
EndProject
Project("{FAE04EC0-301F-11D3-BF4B-00C04F79EFBC}") = "UtilZ.Dotnet.SHPMSOPluginBase", "UtilZ.Dotnet.SHPMSOPluginBase\UtilZ.Dotnet.SHPMSOPluginBase.csproj", "{337F9B6D-842F-4C80-B27F-A536954F3B7C}"
EndProject
Project("{FAE04EC0-301F-11D3-BF4B-00C04F79EFBC}") = "UtilZ.Dotnet.SHPDMSOPlugin", "UtilZ.Dotnet.SHPDMSOPlugin\UtilZ.Dotnet.SHPDMSOPlugin.csproj", "{816DF6DF-FDB0-4161-85A8-D76DAFA461B6}"
EndProject
Global
	GlobalSection(SolutionConfigurationPlatforms) = preSolution
		Debug|Any CPU = Debug|Any CPU
		Release|Any CPU = Release|Any CPU
	EndGlobalSection
	GlobalSection(ProjectConfigurationPlatforms) = postSolution
		{B5D06430-E6E2-40B3-BA77-15778ABD31DD}.Debug|Any CPU.ActiveCfg = Debug|Any CPU
		{B5D06430-E6E2-40B3-BA77-15778ABD31DD}.Debug|Any CPU.Build.0 = Debug|Any CPU
		{B5D06430-E6E2-40B3-BA77-15778ABD31DD}.Release|Any CPU.ActiveCfg = Release|Any CPU
		{B5D06430-E6E2-40B3-BA77-15778ABD31DD}.Release|Any CPU.Build.0 = Release|Any CPU
		{2E7F4A5F-361B-4B39-966B-34E7BC57A2B0}.Debug|Any CPU.ActiveCfg = Debug|Any CPU
		{2E7F4A5F-361B-4B39-966B-34E7BC57A2B0}.Debug|Any CPU.Build.0 = Debug|Any CPU
		{2E7F4A5F-361B-4B39-966B-34E7BC57A2B0}.Release|Any CPU.ActiveCfg = Release|Any CPU
		{2E7F4A5F-361B-4B39-966B-34E7BC57A2B0}.Release|Any CPU.Build.0 = Release|Any CPU
		{A1B5B78B-05A5-4683-8946-84C8BC48CB01}.Debug|Any CPU.ActiveCfg = Debug|Any CPU
		{A1B5B78B-05A5-4683-8946-84C8BC48CB01}.Debug|Any CPU.Build.0 = Debug|Any CPU
		{A1B5B78B-05A5-4683-8946-84C8BC48CB01}.Release|Any CPU.ActiveCfg = Release|Any CPU
		{A1B5B78B-05A5-4683-8946-84C8BC48CB01}.Release|Any CPU.Build.0 = Release|Any CPU
		{1E28EA8C-EDEA-42F7-B752-F26A336C2ABD}.Debug|Any CPU.ActiveCfg = Debug|Any CPU
		{1E28EA8C-EDEA-42F7-B752-F26A336C2ABD}.Debug|Any CPU.Build.0 = Debug|Any CPU
		{1E28EA8C-EDEA-42F7-B752-F26A336C2ABD}.Release|Any CPU.ActiveCfg = Release|Any CPU
		{1E28EA8C-EDEA-42F7-B752-F26A336C2ABD}.Release|Any CPU.Build.0 = Release|Any CPU
		{EF6BFE28-79B2-4513-AAA1-E22AB66227AF}.Debug|Any CPU.ActiveCfg = Debug|Any CPU
		{EF6BFE28-79B2-4513-AAA1-E22AB66227AF}.Debug|Any CPU.Build.0 = Debug|Any CPU
		{EF6BFE28-79B2-4513-AAA1-E22AB66227AF}.Release|Any CPU.ActiveCfg = Release|Any CPU
		{EF6BFE28-79B2-4513-AAA1-E22AB66227AF}.Release|Any CPU.Build.0 = Release|Any CPU
		{BBAAB590-B7C0-4307-AAB7-4A43E42B322D}.Debug|Any CPU.ActiveCfg = Debug|Any CPU
		{BBAAB590-B7C0-4307-AAB7-4A43E42B322D}.Debug|Any CPU.Build.0 = Debug|Any CPU
		{BBAAB590-B7C0-4307-AAB7-4A43E42B322D}.Release|Any CPU.ActiveCfg = Release|Any CPU
		{BBAAB590-B7C0-4307-AAB7-4A43E42B322D}.Release|Any CPU.Build.0 = Release|Any CPU
		{08257859-321A-4FD5-9BF4-717BC0B65BCA}.Debug|Any CPU.ActiveCfg = Debug|Any CPU
		{08257859-321A-4FD5-9BF4-717BC0B65BCA}.Debug|Any CPU.Build.0 = Debug|Any CPU
		{08257859-321A-4FD5-9BF4-717BC0B65BCA}.Release|Any CPU.ActiveCfg = Release|Any CPU
		{08257859-321A-4FD5-9BF4-717BC0B65BCA}.Release|Any CPU.Build.0 = Release|Any CPU
		{ADD0CB60-4460-48BF-96F5-AE8AE09FC6C9}.Debug|Any CPU.ActiveCfg = Debug|Any CPU
		{ADD0CB60-4460-48BF-96F5-AE8AE09FC6C9}.Debug|Any CPU.Build.0 = Debug|Any CPU
		{ADD0CB60-4460-48BF-96F5-AE8AE09FC6C9}.Release|Any CPU.ActiveCfg = Release|Any CPU
		{ADD0CB60-4460-48BF-96F5-AE8AE09FC6C9}.Release|Any CPU.Build.0 = Release|Any CPU
		{198AAC18-386B-4AF7-B95A-6AD4E66A4CFA}.Debug|Any CPU.ActiveCfg = Debug|Any CPU
		{198AAC18-386B-4AF7-B95A-6AD4E66A4CFA}.Debug|Any CPU.Build.0 = Debug|Any CPU
		{198AAC18-386B-4AF7-B95A-6AD4E66A4CFA}.Release|Any CPU.ActiveCfg = Release|Any CPU
		{198AAC18-386B-4AF7-B95A-6AD4E66A4CFA}.Release|Any CPU.Build.0 = Release|Any CPU
		{337F9B6D-842F-4C80-B27F-A536954F3B7C}.Debug|Any CPU.ActiveCfg = Debug|Any CPU
		{337F9B6D-842F-4C80-B27F-A536954F3B7C}.Debug|Any CPU.Build.0 = Debug|Any CPU
		{337F9B6D-842F-4C80-B27F-A536954F3B7C}.Release|Any CPU.ActiveCfg = Release|Any CPU
		{337F9B6D-842F-4C80-B27F-A536954F3B7C}.Release|Any CPU.Build.0 = Release|Any CPU
		{816DF6DF-FDB0-4161-85A8-D76DAFA461B6}.Debug|Any CPU.ActiveCfg = Debug|Any CPU
		{816DF6DF-FDB0-4161-85A8-D76DAFA461B6}.Debug|Any CPU.Build.0 = Debug|Any CPU
		{816DF6DF-FDB0-4161-85A8-D76DAFA461B6}.Release|Any CPU.ActiveCfg = Release|Any CPU
		{816DF6DF-FDB0-4161-85A8-D76DAFA461B6}.Release|Any CPU.Build.0 = Release|Any CPU
	EndGlobalSection
	GlobalSection(SolutionProperties) = preSolution
		HideSolutionNode = FALSE
	EndGlobalSection
	GlobalSection(NestedProjects) = preSolution
		{B5D06430-E6E2-40B3-BA77-15778ABD31DD} = {7C72DCD2-EA8D-47A8-9673-72D94D5B20F1}
		{2E7F4A5F-361B-4B39-966B-34E7BC57A2B0} = {7C72DCD2-EA8D-47A8-9673-72D94D5B20F1}
		{A1B5B78B-05A5-4683-8946-84C8BC48CB01} = {1D37B71E-9AE2-496E-BF95-ED391A08E57B}
		{1E28EA8C-EDEA-42F7-B752-F26A336C2ABD} = {6952CD77-EF78-4BA8-B79C-E32F77320FAD}
		{EF6BFE28-79B2-4513-AAA1-E22AB66227AF} = {6952CD77-EF78-4BA8-B79C-E32F77320FAD}
		{BBAAB590-B7C0-4307-AAB7-4A43E42B322D} = {6952CD77-EF78-4BA8-B79C-E32F77320FAD}
		{08257859-321A-4FD5-9BF4-717BC0B65BCA} = {6952CD77-EF78-4BA8-B79C-E32F77320FAD}
		{ADD0CB60-4460-48BF-96F5-AE8AE09FC6C9} = {6952CD77-EF78-4BA8-B79C-E32F77320FAD}
		{24EA5CA6-8BBF-48C5-A0CD-2AF2E3079E48} = {73F15B8D-F710-4E91-8A3C-63D75D36BE88}
		{E05D7650-0895-455B-ACE3-2FC00B3A9B70} = {73F15B8D-F710-4E91-8A3C-63D75D36BE88}
		{198AAC18-386B-4AF7-B95A-6AD4E66A4CFA} = {E05D7650-0895-455B-ACE3-2FC00B3A9B70}
		{337F9B6D-842F-4C80-B27F-A536954F3B7C} = {24EA5CA6-8BBF-48C5-A0CD-2AF2E3079E48}
		{816DF6DF-FDB0-4161-85A8-D76DAFA461B6} = {24EA5CA6-8BBF-48C5-A0CD-2AF2E3079E48}
	EndGlobalSection
EndGlobal
