
Microsoft Visual Studio Solution File, Format Version 12.00
# Visual Studio 14
VisualStudioVersion = 14.0.25420.1
MinimumVisualStudioVersion = 10.0.40219.1
Project("{FAE04EC0-301F-11D3-BF4B-00C04F79EFBC}") = "UtilZ.Dotnet.Ex", "UtilZ.Dotnet.Ex\UtilZ.Dotnet.Ex.csproj", "{B5D06430-E6E2-40B3-BA77-15778ABD31DD}"
EndProject
Project("{FAE04EC0-301F-11D3-BF4B-00C04F79EFBC}") = "UtilZ.Dotnet.WindowEx", "UtilZ.Dotnet.WindowEx\UtilZ.Dotnet.WindowEx.csproj", "{2E7F4A5F-361B-4B39-966B-34E7BC57A2B0}"
EndProject
Project("{FAE04EC0-301F-11D3-BF4B-00C04F79EFBC}") = "UtilZ.Dotnet.Compress", "UtilZ.Dotnet.Compress\UtilZ.Dotnet.Compress.csproj", "{9EB14FF4-F517-4A7C-92D8-07854367F89F}"
EndProject
Project("{FAE04EC0-301F-11D3-BF4B-00C04F79EFBC}") = "UtilZ.Dotnet.SHPBase", "UtilZ.Dotnet.SHPBase\UtilZ.Dotnet.SHPBase.csproj", "{A1B5B78B-05A5-4683-8946-84C8BC48CB01}"
EndProject
Project("{FAE04EC0-301F-11D3-BF4B-00C04F79EFBC}") = "UtilZ.Dotnet.SHPAutoPatchBase", "UtilZ.Dotnet.SHPAutoPatchBase\UtilZ.Dotnet.SHPAutoPatchBase.csproj", "{A528FA3B-80BE-42F4-8F3A-E74299893BA0}"
EndProject
Project("{FAE04EC0-301F-11D3-BF4B-00C04F79EFBC}") = "UtilZ.Dotnet.SHPAutoPatch", "UtilZ.Dotnet.SHPAutoPatch\UtilZ.Dotnet.SHPAutoPatch.csproj", "{31EBBA20-8E47-4F2E-92A1-20908FCC4FA2}"
EndProject
Project("{FAE04EC0-301F-11D3-BF4B-00C04F79EFBC}") = "UtilZ.Dotnet.SHPAgentProtect", "UtilZ.Dotnet.SHPAgentProtect\UtilZ.Dotnet.SHPAgentProtect.csproj", "{D161F942-1944-488D-A73C-66C5D46DB522}"
EndProject
Project("{FAE04EC0-301F-11D3-BF4B-00C04F79EFBC}") = "UtilZ.Dotnet.SHPAgentModel", "UtilZ.Dotnet.SHPAgentModel\UtilZ.Dotnet.SHPAgentModel.csproj", "{976D062D-7DD6-4DE8-8B50-377B2CFCD040}"
EndProject
Project("{FAE04EC0-301F-11D3-BF4B-00C04F79EFBC}") = "UtilZ.Dotnet.SHPAgentDAL", "UtilZ.Dotnet.SHPAgentDAL\UtilZ.Dotnet.SHPAgentDAL.csproj", "{D2D44322-221B-469B-A4FE-E3AC21D44229}"
EndProject
Project("{FAE04EC0-301F-11D3-BF4B-00C04F79EFBC}") = "UtilZ.Dotnet.SHPAgentBLL", "UtilZ.Dotnet.SHPAgentBLL\UtilZ.Dotnet.SHPAgentBLL.csproj", "{7856663A-7116-4D92-BD71-852F00B70004}"
EndProject
Project("{FAE04EC0-301F-11D3-BF4B-00C04F79EFBC}") = "UtilZ.Dotnet.SHPAgent", "UtilZ.Dotnet.SHPAgent\UtilZ.Dotnet.SHPAgent.csproj", "{3E8930D9-3413-45D7-940C-EE03D1A9A19E}"
EndProject
Project("{2150E333-8FDC-42A3-9474-1A3956D46DE8}") = "Plugins", "Plugins", "{6687A0E1-5DFD-47CF-9AC8-BE2B02342242}"
EndProject
Project("{2150E333-8FDC-42A3-9474-1A3956D46DE8}") = "UtilZBase", "UtilZBase", "{594CA492-2CF2-4D46-84D7-BF95BC1F6D2A}"
EndProject
Project("{2150E333-8FDC-42A3-9474-1A3956D46DE8}") = "Upgrade", "Upgrade", "{47430567-33BE-4FF2-A7EE-B051F1D3D7F1}"
EndProject
Project("{2150E333-8FDC-42A3-9474-1A3956D46DE8}") = "Common", "Common", "{8F3484CF-C0C8-4ACA-A7BD-ACD1840430E4}"
EndProject
Project("{2150E333-8FDC-42A3-9474-1A3956D46DE8}") = "Agent", "Agent", "{14D52388-8DB5-4611-93ED-52EF35EF2B41}"
EndProject
Project("{2150E333-8FDC-42A3-9474-1A3956D46DE8}") = "GPU", "GPU", "{40A8F516-17B6-4835-9DEE-3ED7669E9CAF}"
EndProject
Project("{2150E333-8FDC-42A3-9474-1A3956D46DE8}") = "MSO", "MSO", "{CF531EB8-6D16-4F0C-AE44-E2B44D8C4D60}"
EndProject
Project("{FAE04EC0-301F-11D3-BF4B-00C04F79EFBC}") = "UtilZ.Dotnet.SHPAGPULoadPlugin", "UtilZ.Dotnet.SHPAGPULoadPlugin\UtilZ.Dotnet.SHPAGPULoadPlugin.csproj", "{3F984414-1093-44C7-8AA0-92F32A18A7C5}"
EndProject
Project("{FAE04EC0-301F-11D3-BF4B-00C04F79EFBC}") = "UtilZ.Dotnet.SHPAMSOPlugin", "UtilZ.Dotnet.SHPAMSOPlugin\UtilZ.Dotnet.SHPAMSOPlugin.csproj", "{82716605-A340-4F3C-B14A-439F618B6FE7}"
EndProject
Project("{FAE04EC0-301F-11D3-BF4B-00C04F79EFBC}") = "UtilZ.Dotnet.SHPMSOPluginBase", "UtilZ.Dotnet.SHPMSOPluginBase\UtilZ.Dotnet.SHPMSOPluginBase.csproj", "{337F9B6D-842F-4C80-B27F-A536954F3B7C}"
EndProject
Global
	GlobalSection(SolutionConfigurationPlatforms) = preSolution
		Debug|Any CPU = Debug|Any CPU
		Release|Any CPU = Release|Any CPU
	EndGlobalSection
	GlobalSection(ProjectConfigurationPlatforms) = postSolution
		{B5D06430-E6E2-40B3-BA77-15778ABD31DD}.Debug|Any CPU.ActiveCfg = Debug|Any CPU
		{B5D06430-E6E2-40B3-BA77-15778ABD31DD}.Debug|Any CPU.Build.0 = Debug|Any CPU
		{B5D06430-E6E2-40B3-BA77-15778ABD31DD}.Release|Any CPU.ActiveCfg = Release|Any CPU
		{B5D06430-E6E2-40B3-BA77-15778ABD31DD}.Release|Any CPU.Build.0 = Release|Any CPU
		{2E7F4A5F-361B-4B39-966B-34E7BC57A2B0}.Debug|Any CPU.ActiveCfg = Debug|Any CPU
		{2E7F4A5F-361B-4B39-966B-34E7BC57A2B0}.Debug|Any CPU.Build.0 = Debug|Any CPU
		{2E7F4A5F-361B-4B39-966B-34E7BC57A2B0}.Release|Any CPU.ActiveCfg = Release|Any CPU
		{2E7F4A5F-361B-4B39-966B-34E7BC57A2B0}.Release|Any CPU.Build.0 = Release|Any CPU
		{9EB14FF4-F517-4A7C-92D8-07854367F89F}.Debug|Any CPU.ActiveCfg = Debug|Any CPU
		{9EB14FF4-F517-4A7C-92D8-07854367F89F}.Debug|Any CPU.Build.0 = Debug|Any CPU
		{9EB14FF4-F517-4A7C-92D8-07854367F89F}.Release|Any CPU.ActiveCfg = Release|Any CPU
		{9EB14FF4-F517-4A7C-92D8-07854367F89F}.Release|Any CPU.Build.0 = Release|Any CPU
		{A1B5B78B-05A5-4683-8946-84C8BC48CB01}.Debug|Any CPU.ActiveCfg = Debug|Any CPU
		{A1B5B78B-05A5-4683-8946-84C8BC48CB01}.Debug|Any CPU.Build.0 = Debug|Any CPU
		{A1B5B78B-05A5-4683-8946-84C8BC48CB01}.Release|Any CPU.ActiveCfg = Release|Any CPU
		{A1B5B78B-05A5-4683-8946-84C8BC48CB01}.Release|Any CPU.Build.0 = Release|Any CPU
		{A528FA3B-80BE-42F4-8F3A-E74299893BA0}.Debug|Any CPU.ActiveCfg = Debug|Any CPU
		{A528FA3B-80BE-42F4-8F3A-E74299893BA0}.Debug|Any CPU.Build.0 = Debug|Any CPU
		{A528FA3B-80BE-42F4-8F3A-E74299893BA0}.Release|Any CPU.ActiveCfg = Release|Any CPU
		{A528FA3B-80BE-42F4-8F3A-E74299893BA0}.Release|Any CPU.Build.0 = Release|Any CPU
		{31EBBA20-8E47-4F2E-92A1-20908FCC4FA2}.Debug|Any CPU.ActiveCfg = Debug|Any CPU
		{31EBBA20-8E47-4F2E-92A1-20908FCC4FA2}.Debug|Any CPU.Build.0 = Debug|Any CPU
		{31EBBA20-8E47-4F2E-92A1-20908FCC4FA2}.Release|Any CPU.ActiveCfg = Release|Any CPU
		{31EBBA20-8E47-4F2E-92A1-20908FCC4FA2}.Release|Any CPU.Build.0 = Release|Any CPU
		{D161F942-1944-488D-A73C-66C5D46DB522}.Debug|Any CPU.ActiveCfg = Debug|Any CPU
		{D161F942-1944-488D-A73C-66C5D46DB522}.Debug|Any CPU.Build.0 = Debug|Any CPU
		{D161F942-1944-488D-A73C-66C5D46DB522}.Release|Any CPU.ActiveCfg = Release|Any CPU
		{D161F942-1944-488D-A73C-66C5D46DB522}.Release|Any CPU.Build.0 = Release|Any CPU
		{976D062D-7DD6-4DE8-8B50-377B2CFCD040}.Debug|Any CPU.ActiveCfg = Debug|Any CPU
		{976D062D-7DD6-4DE8-8B50-377B2CFCD040}.Debug|Any CPU.Build.0 = Debug|Any CPU
		{976D062D-7DD6-4DE8-8B50-377B2CFCD040}.Release|Any CPU.ActiveCfg = Release|Any CPU
		{976D062D-7DD6-4DE8-8B50-377B2CFCD040}.Release|Any CPU.Build.0 = Release|Any CPU
		{D2D44322-221B-469B-A4FE-E3AC21D44229}.Debug|Any CPU.ActiveCfg = Debug|Any CPU
		{D2D44322-221B-469B-A4FE-E3AC21D44229}.Debug|Any CPU.Build.0 = Debug|Any CPU
		{D2D44322-221B-469B-A4FE-E3AC21D44229}.Release|Any CPU.ActiveCfg = Release|Any CPU
		{D2D44322-221B-469B-A4FE-E3AC21D44229}.Release|Any CPU.Build.0 = Release|Any CPU
		{7856663A-7116-4D92-BD71-852F00B70004}.Debug|Any CPU.ActiveCfg = Debug|Any CPU
		{7856663A-7116-4D92-BD71-852F00B70004}.Debug|Any CPU.Build.0 = Debug|Any CPU
		{7856663A-7116-4D92-BD71-852F00B70004}.Release|Any CPU.ActiveCfg = Release|Any CPU
		{7856663A-7116-4D92-BD71-852F00B70004}.Release|Any CPU.Build.0 = Release|Any CPU
		{3E8930D9-3413-45D7-940C-EE03D1A9A19E}.Debug|Any CPU.ActiveCfg = Debug|Any CPU
		{3E8930D9-3413-45D7-940C-EE03D1A9A19E}.Debug|Any CPU.Build.0 = Debug|Any CPU
		{3E8930D9-3413-45D7-940C-EE03D1A9A19E}.Release|Any CPU.ActiveCfg = Release|Any CPU
		{3E8930D9-3413-45D7-940C-EE03D1A9A19E}.Release|Any CPU.Build.0 = Release|Any CPU
		{3F984414-1093-44C7-8AA0-92F32A18A7C5}.Debug|Any CPU.ActiveCfg = Debug|Any CPU
		{3F984414-1093-44C7-8AA0-92F32A18A7C5}.Debug|Any CPU.Build.0 = Debug|Any CPU
		{3F984414-1093-44C7-8AA0-92F32A18A7C5}.Release|Any CPU.ActiveCfg = Release|Any CPU
		{3F984414-1093-44C7-8AA0-92F32A18A7C5}.Release|Any CPU.Build.0 = Release|Any CPU
		{82716605-A340-4F3C-B14A-439F618B6FE7}.Debug|Any CPU.ActiveCfg = Debug|Any CPU
		{82716605-A340-4F3C-B14A-439F618B6FE7}.Debug|Any CPU.Build.0 = Debug|Any CPU
		{82716605-A340-4F3C-B14A-439F618B6FE7}.Release|Any CPU.ActiveCfg = Release|Any CPU
		{82716605-A340-4F3C-B14A-439F618B6FE7}.Release|Any CPU.Build.0 = Release|Any CPU
		{337F9B6D-842F-4C80-B27F-A536954F3B7C}.Debug|Any CPU.ActiveCfg = Debug|Any CPU
		{337F9B6D-842F-4C80-B27F-A536954F3B7C}.Debug|Any CPU.Build.0 = Debug|Any CPU
		{337F9B6D-842F-4C80-B27F-A536954F3B7C}.Release|Any CPU.ActiveCfg = Release|Any CPU
		{337F9B6D-842F-4C80-B27F-A536954F3B7C}.Release|Any CPU.Build.0 = Release|Any CPU
	EndGlobalSection
	GlobalSection(SolutionProperties) = preSolution
		HideSolutionNode = FALSE
	EndGlobalSection
	GlobalSection(NestedProjects) = preSolution
		{B5D06430-E6E2-40B3-BA77-15778ABD31DD} = {594CA492-2CF2-4D46-84D7-BF95BC1F6D2A}
		{2E7F4A5F-361B-4B39-966B-34E7BC57A2B0} = {594CA492-2CF2-4D46-84D7-BF95BC1F6D2A}
		{9EB14FF4-F517-4A7C-92D8-07854367F89F} = {8F3484CF-C0C8-4ACA-A7BD-ACD1840430E4}
		{A1B5B78B-05A5-4683-8946-84C8BC48CB01} = {8F3484CF-C0C8-4ACA-A7BD-ACD1840430E4}
		{A528FA3B-80BE-42F4-8F3A-E74299893BA0} = {47430567-33BE-4FF2-A7EE-B051F1D3D7F1}
		{31EBBA20-8E47-4F2E-92A1-20908FCC4FA2} = {47430567-33BE-4FF2-A7EE-B051F1D3D7F1}
		{D161F942-1944-488D-A73C-66C5D46DB522} = {14D52388-8DB5-4611-93ED-52EF35EF2B41}
		{976D062D-7DD6-4DE8-8B50-377B2CFCD040} = {14D52388-8DB5-4611-93ED-52EF35EF2B41}
		{D2D44322-221B-469B-A4FE-E3AC21D44229} = {14D52388-8DB5-4611-93ED-52EF35EF2B41}
		{7856663A-7116-4D92-BD71-852F00B70004} = {14D52388-8DB5-4611-93ED-52EF35EF2B41}
		{3E8930D9-3413-45D7-940C-EE03D1A9A19E} = {14D52388-8DB5-4611-93ED-52EF35EF2B41}
		{40A8F516-17B6-4835-9DEE-3ED7669E9CAF} = {6687A0E1-5DFD-47CF-9AC8-BE2B02342242}
		{CF531EB8-6D16-4F0C-AE44-E2B44D8C4D60} = {6687A0E1-5DFD-47CF-9AC8-BE2B02342242}
		{3F984414-1093-44C7-8AA0-92F32A18A7C5} = {40A8F516-17B6-4835-9DEE-3ED7669E9CAF}
		{82716605-A340-4F3C-B14A-439F618B6FE7} = {CF531EB8-6D16-4F0C-AE44-E2B44D8C4D60}
		{337F9B6D-842F-4C80-B27F-A536954F3B7C} = {CF531EB8-6D16-4F0C-AE44-E2B44D8C4D60}
	EndGlobalSection
EndGlobal
