
Microsoft Visual Studio Solution File, Format Version 12.00
# Visual Studio 15
VisualStudioVersion = 15.0.28010.2003
MinimumVisualStudioVersion = 10.0.40219.1
Project("{9A19103F-16F7-4668-BE54-9A1E7A4F7556}") = "UtilZ.Dotnet.Ex", "UtilZ.Dotnet.Ex\UtilZ.Dotnet.Ex.csproj", "{50E56F6A-0647-4E71-9BB9-DEDE216C8E76}"
EndProject
Project("{9A19103F-16F7-4668-BE54-9A1E7A4F7556}") = "XUnitTestEx", "XUnitTestEx\XUnitTestEx.csproj", "{19040C71-7FB0-4C4B-A004-0123566A0280}"
EndProject
Project("{9A19103F-16F7-4668-BE54-9A1E7A4F7556}") = "TestE", "TestE\TestE.csproj", "{FCCCB296-ABB4-42F2-9C79-CE3A16DCE8CE}"
EndProject
Project("{9A19103F-16F7-4668-BE54-9A1E7A4F7556}") = "UtilZ.Dotnet.ILEx", "UtilZ.Dotnet.ILEx\UtilZ.Dotnet.ILEx.csproj", "{021B4942-CC6B-4911-ADB7-AD070F0BE428}"
EndProject
Project("{2150E333-8FDC-42A3-9474-1A3956D46DE8}") = "UtilZLib", "UtilZLib", "{A233B4BA-20B7-4D69-9152-36B84F4907E5}"
EndProject
Project("{2150E333-8FDC-42A3-9474-1A3956D46DE8}") = "UtilZDB", "UtilZDB", "{A1CF3C21-EC2B-4DA2-A9C2-F423A054D69F}"
EndProject
Project("{2150E333-8FDC-42A3-9474-1A3956D46DE8}") = "Test", "Test", "{C2338BD4-2E21-4ED3-BAA6-11A0B9EDCD55}"
EndProject
Project("{9A19103F-16F7-4668-BE54-9A1E7A4F7556}") = "UtilZ.Dotnet.DBBase", "UtilZ.Dotnet.DBBase\UtilZ.Dotnet.DBBase.csproj", "{255AB331-EAFC-4D38-83E3-05918F69DBD2}"
EndProject
Project("{9A19103F-16F7-4668-BE54-9A1E7A4F7556}") = "UtilZ.Dotnet.DBSQLite", "UtilZ.Dotnet.DBSQLite\UtilZ.Dotnet.DBSQLite.csproj", "{C2720884-8F14-4091-9BA6-8F02B3E42E36}"
EndProject
Project("{9A19103F-16F7-4668-BE54-9A1E7A4F7556}") = "UtilZ.Dotnet.DBSQLServer", "UtilZ.Dotnet.DBSQLServer\UtilZ.Dotnet.DBSQLServer.csproj", "{48BD81B6-6DD3-4A26-BAF8-12C5C042A183}"
EndProject
Project("{9A19103F-16F7-4668-BE54-9A1E7A4F7556}") = "UtilZ.Dotnet.DBMySql", "UtilZ.Dotnet.DBMySql\UtilZ.Dotnet.DBMySql.csproj", "{9034537C-15D5-40A5-B5B9-531EB3EF3F58}"
EndProject
Project("{9A19103F-16F7-4668-BE54-9A1E7A4F7556}") = "TestStandardLib", "TestStandardLib\TestStandardLib.csproj", "{52C16DA6-AEF7-4D8A-8E95-D0793F366180}"
EndProject
Project("{FAE04EC0-301F-11D3-BF4B-00C04F79EFBC}") = "UtilZ.Dotnet.DBFactory", "UtilZ.Dotnet.DBFactory\UtilZ.Dotnet.DBFactory.csproj", "{87F708DD-0B18-4FF7-A6DC-C2E68EF8A67C}"
EndProject
Project("{FAE04EC0-301F-11D3-BF4B-00C04F79EFBC}") = "UtilZ.Dotnet.DBOracle", "UtilZ.Dotnet.DBOracle\UtilZ.Dotnet.DBOracle.csproj", "{3E3CED38-CD3B-4A1D-B798-52011A7251FD}"
EndProject
Global
	GlobalSection(SolutionConfigurationPlatforms) = preSolution
		Debug|Any CPU = Debug|Any CPU
		Release|Any CPU = Release|Any CPU
	EndGlobalSection
	GlobalSection(ProjectConfigurationPlatforms) = postSolution
		{50E56F6A-0647-4E71-9BB9-DEDE216C8E76}.Debug|Any CPU.ActiveCfg = Debug|Any CPU
		{50E56F6A-0647-4E71-9BB9-DEDE216C8E76}.Debug|Any CPU.Build.0 = Debug|Any CPU
		{50E56F6A-0647-4E71-9BB9-DEDE216C8E76}.Release|Any CPU.ActiveCfg = Release|Any CPU
		{50E56F6A-0647-4E71-9BB9-DEDE216C8E76}.Release|Any CPU.Build.0 = Release|Any CPU
		{19040C71-7FB0-4C4B-A004-0123566A0280}.Debug|Any CPU.ActiveCfg = Debug|Any CPU
		{19040C71-7FB0-4C4B-A004-0123566A0280}.Debug|Any CPU.Build.0 = Debug|Any CPU
		{19040C71-7FB0-4C4B-A004-0123566A0280}.Release|Any CPU.ActiveCfg = Release|Any CPU
		{19040C71-7FB0-4C4B-A004-0123566A0280}.Release|Any CPU.Build.0 = Release|Any CPU
		{FCCCB296-ABB4-42F2-9C79-CE3A16DCE8CE}.Debug|Any CPU.ActiveCfg = Debug|Any CPU
		{FCCCB296-ABB4-42F2-9C79-CE3A16DCE8CE}.Debug|Any CPU.Build.0 = Debug|Any CPU
		{FCCCB296-ABB4-42F2-9C79-CE3A16DCE8CE}.Release|Any CPU.ActiveCfg = Release|Any CPU
		{FCCCB296-ABB4-42F2-9C79-CE3A16DCE8CE}.Release|Any CPU.Build.0 = Release|Any CPU
		{021B4942-CC6B-4911-ADB7-AD070F0BE428}.Debug|Any CPU.ActiveCfg = Debug|Any CPU
		{021B4942-CC6B-4911-ADB7-AD070F0BE428}.Debug|Any CPU.Build.0 = Debug|Any CPU
		{021B4942-CC6B-4911-ADB7-AD070F0BE428}.Release|Any CPU.ActiveCfg = Release|Any CPU
		{021B4942-CC6B-4911-ADB7-AD070F0BE428}.Release|Any CPU.Build.0 = Release|Any CPU
		{255AB331-EAFC-4D38-83E3-05918F69DBD2}.Debug|Any CPU.ActiveCfg = Debug|Any CPU
		{255AB331-EAFC-4D38-83E3-05918F69DBD2}.Debug|Any CPU.Build.0 = Debug|Any CPU
		{255AB331-EAFC-4D38-83E3-05918F69DBD2}.Release|Any CPU.ActiveCfg = Release|Any CPU
		{255AB331-EAFC-4D38-83E3-05918F69DBD2}.Release|Any CPU.Build.0 = Release|Any CPU
		{C2720884-8F14-4091-9BA6-8F02B3E42E36}.Debug|Any CPU.ActiveCfg = Debug|Any CPU
		{C2720884-8F14-4091-9BA6-8F02B3E42E36}.Debug|Any CPU.Build.0 = Debug|Any CPU
		{C2720884-8F14-4091-9BA6-8F02B3E42E36}.Release|Any CPU.ActiveCfg = Release|Any CPU
		{C2720884-8F14-4091-9BA6-8F02B3E42E36}.Release|Any CPU.Build.0 = Release|Any CPU
		{48BD81B6-6DD3-4A26-BAF8-12C5C042A183}.Debug|Any CPU.ActiveCfg = Debug|Any CPU
		{48BD81B6-6DD3-4A26-BAF8-12C5C042A183}.Debug|Any CPU.Build.0 = Debug|Any CPU
		{48BD81B6-6DD3-4A26-BAF8-12C5C042A183}.Release|Any CPU.ActiveCfg = Release|Any CPU
		{48BD81B6-6DD3-4A26-BAF8-12C5C042A183}.Release|Any CPU.Build.0 = Release|Any CPU
		{9034537C-15D5-40A5-B5B9-531EB3EF3F58}.Debug|Any CPU.ActiveCfg = Debug|Any CPU
		{9034537C-15D5-40A5-B5B9-531EB3EF3F58}.Debug|Any CPU.Build.0 = Debug|Any CPU
		{9034537C-15D5-40A5-B5B9-531EB3EF3F58}.Release|Any CPU.ActiveCfg = Release|Any CPU
		{9034537C-15D5-40A5-B5B9-531EB3EF3F58}.Release|Any CPU.Build.0 = Release|Any CPU
		{52C16DA6-AEF7-4D8A-8E95-D0793F366180}.Debug|Any CPU.ActiveCfg = Debug|Any CPU
		{52C16DA6-AEF7-4D8A-8E95-D0793F366180}.Debug|Any CPU.Build.0 = Debug|Any CPU
		{52C16DA6-AEF7-4D8A-8E95-D0793F366180}.Release|Any CPU.ActiveCfg = Release|Any CPU
		{52C16DA6-AEF7-4D8A-8E95-D0793F366180}.Release|Any CPU.Build.0 = Release|Any CPU
		{87F708DD-0B18-4FF7-A6DC-C2E68EF8A67C}.Debug|Any CPU.ActiveCfg = Debug|Any CPU
		{87F708DD-0B18-4FF7-A6DC-C2E68EF8A67C}.Debug|Any CPU.Build.0 = Debug|Any CPU
		{87F708DD-0B18-4FF7-A6DC-C2E68EF8A67C}.Release|Any CPU.ActiveCfg = Release|Any CPU
		{87F708DD-0B18-4FF7-A6DC-C2E68EF8A67C}.Release|Any CPU.Build.0 = Release|Any CPU
		{3E3CED38-CD3B-4A1D-B798-52011A7251FD}.Debug|Any CPU.ActiveCfg = Debug|Any CPU
		{3E3CED38-CD3B-4A1D-B798-52011A7251FD}.Debug|Any CPU.Build.0 = Debug|Any CPU
		{3E3CED38-CD3B-4A1D-B798-52011A7251FD}.Release|Any CPU.ActiveCfg = Release|Any CPU
		{3E3CED38-CD3B-4A1D-B798-52011A7251FD}.Release|Any CPU.Build.0 = Release|Any CPU
	EndGlobalSection
	GlobalSection(SolutionProperties) = preSolution
		HideSolutionNode = FALSE
	EndGlobalSection
	GlobalSection(NestedProjects) = preSolution
		{50E56F6A-0647-4E71-9BB9-DEDE216C8E76} = {A233B4BA-20B7-4D69-9152-36B84F4907E5}
		{19040C71-7FB0-4C4B-A004-0123566A0280} = {C2338BD4-2E21-4ED3-BAA6-11A0B9EDCD55}
		{FCCCB296-ABB4-42F2-9C79-CE3A16DCE8CE} = {C2338BD4-2E21-4ED3-BAA6-11A0B9EDCD55}
		{021B4942-CC6B-4911-ADB7-AD070F0BE428} = {A233B4BA-20B7-4D69-9152-36B84F4907E5}
		{255AB331-EAFC-4D38-83E3-05918F69DBD2} = {A1CF3C21-EC2B-4DA2-A9C2-F423A054D69F}
		{C2720884-8F14-4091-9BA6-8F02B3E42E36} = {A1CF3C21-EC2B-4DA2-A9C2-F423A054D69F}
		{48BD81B6-6DD3-4A26-BAF8-12C5C042A183} = {A1CF3C21-EC2B-4DA2-A9C2-F423A054D69F}
		{9034537C-15D5-40A5-B5B9-531EB3EF3F58} = {A1CF3C21-EC2B-4DA2-A9C2-F423A054D69F}
		{52C16DA6-AEF7-4D8A-8E95-D0793F366180} = {C2338BD4-2E21-4ED3-BAA6-11A0B9EDCD55}
		{87F708DD-0B18-4FF7-A6DC-C2E68EF8A67C} = {A1CF3C21-EC2B-4DA2-A9C2-F423A054D69F}
		{3E3CED38-CD3B-4A1D-B798-52011A7251FD} = {A1CF3C21-EC2B-4DA2-A9C2-F423A054D69F}
	EndGlobalSection
	GlobalSection(ExtensibilityGlobals) = postSolution
		SolutionGuid = {04A70359-90B8-43AF-A485-DBFCDE5522EF}
	EndGlobalSection
EndGlobal
